// !$*UTF8*$!
{
	archiveVersion = 1;
	classes = {
	};
	objectVersion = 55;
	objects = {

/* Begin PBXBuildFile section */
		9D5881A82A541E60007B42A3 /* DataModel.xcdatamodeld in Sources */ = {isa = PBXBuildFile; fileRef = 9D5881A62A541E60007B42A3 /* DataModel.xcdatamodeld */; };
		9D5881AB2A541F67007B42A3 /* CoreDataStack.swift in Sources */ = {isa = PBXBuildFile; fileRef = 9D5881AA2A541F67007B42A3 /* CoreDataStack.swift */; };
		9D5881AD2A541FFF007B42A3 /* CoreDataService.swift in Sources */ = {isa = PBXBuildFile; fileRef = 9D5881AC2A541FFF007B42A3 /* CoreDataService.swift */; };
		9D5881B02A54224C007B42A3 /* Profile+CoreDataClass.swift in Sources */ = {isa = PBXBuildFile; fileRef = 9D5881AE2A54224B007B42A3 /* Profile+CoreDataClass.swift */; };
		9D5881B12A54224C007B42A3 /* Profile+CoreDataProperties.swift in Sources */ = {isa = PBXBuildFile; fileRef = 9D5881AF2A54224C007B42A3 /* Profile+CoreDataProperties.swift */; };
		9D5881B32A545727007B42A3 /* OnBoardingCoreDataServiceProtocol.swift in Sources */ = {isa = PBXBuildFile; fileRef = 9D5881B22A545727007B42A3 /* OnBoardingCoreDataServiceProtocol.swift */; };
		9D5881B52A545942007B42A3 /* ProfileCoreDataServiceProtocol.swift in Sources */ = {isa = PBXBuildFile; fileRef = 9D5881B42A545942007B42A3 /* ProfileCoreDataServiceProtocol.swift */; };
		9D5881B72A545BDE007B42A3 /* ProfileUserDataServiceProtocol.swift in Sources */ = {isa = PBXBuildFile; fileRef = 9D5881B62A545BDE007B42A3 /* ProfileUserDataServiceProtocol.swift */; };
		9D5881B92A5461A6007B42A3 /* ProfileImageServiceProtocol.swift in Sources */ = {isa = PBXBuildFile; fileRef = 9D5881B82A5461A6007B42A3 /* ProfileImageServiceProtocol.swift */; };
		9D5881BB2A559332007B42A3 /* ProfileAuthServiceProtocol.swift in Sources */ = {isa = PBXBuildFile; fileRef = 9D5881BA2A559332007B42A3 /* ProfileAuthServiceProtocol.swift */; };
		9D5881BD2A55DFC6007B42A3 /* LoginCoreDataServiceProtocol.swift in Sources */ = {isa = PBXBuildFile; fileRef = 9D5881BC2A55DFC6007B42A3 /* LoginCoreDataServiceProtocol.swift */; };
		9D5881BF2A5743FA007B42A3 /* ProfileImagePickerAdapterDelegate.swift in Sources */ = {isa = PBXBuildFile; fileRef = 9D5881BE2A5743FA007B42A3 /* ProfileImagePickerAdapterDelegate.swift */; };
		9D5881C12A5744EC007B42A3 /* ProfileImagePickerAdapterProtocol.swift in Sources */ = {isa = PBXBuildFile; fileRef = 9D5881C02A5744EC007B42A3 /* ProfileImagePickerAdapterProtocol.swift */; };
		9D5881C42A574FA8007B42A3 /* ProfileVCDelegate.swift in Sources */ = {isa = PBXBuildFile; fileRef = 9D5881C32A574FA8007B42A3 /* ProfileVCDelegate.swift */; };
		9D5881C82A580280007B42A3 /* HealthKit.framework in Frameworks */ = {isa = PBXBuildFile; fileRef = 9D5881C72A580280007B42A3 /* HealthKit.framework */; };
		9D5881CA2A5805E8007B42A3 /* HealtKitService.swift in Sources */ = {isa = PBXBuildFile; fileRef = 9D5881C92A5805E8007B42A3 /* HealtKitService.swift */; };
		9D5881CC2A583E09007B42A3 /* TrainingHealthKitServiceProtocol.swift in Sources */ = {isa = PBXBuildFile; fileRef = 9D5881CB2A583E09007B42A3 /* TrainingHealthKitServiceProtocol.swift */; };
		9D5881CE2A5852C2007B42A3 /* HKTypeEnum.swift in Sources */ = {isa = PBXBuildFile; fileRef = 9D5881CD2A5852C1007B42A3 /* HKTypeEnum.swift */; };
		9D5881D02A5963C9007B42A3 /* TrainingVCDelegate.swift in Sources */ = {isa = PBXBuildFile; fileRef = 9D5881CF2A5963C9007B42A3 /* TrainingVCDelegate.swift */; };
		9D6616712A406D3C00B43125 /* AppDelegate.swift in Sources */ = {isa = PBXBuildFile; fileRef = 9D6616702A406D3C00B43125 /* AppDelegate.swift */; };
		9D6616732A406D3C00B43125 /* SceneDelegate.swift in Sources */ = {isa = PBXBuildFile; fileRef = 9D6616722A406D3C00B43125 /* SceneDelegate.swift */; };
		9D66167A2A406D4000B43125 /* Assets.xcassets in Resources */ = {isa = PBXBuildFile; fileRef = 9D6616792A406D4000B43125 /* Assets.xcassets */; };
		9D66167D2A406D4000B43125 /* LaunchScreen.storyboard in Resources */ = {isa = PBXBuildFile; fileRef = 9D66167B2A406D4000B43125 /* LaunchScreen.storyboard */; };
		9D6616862A44417000B43125 /* Coordinator.swift in Sources */ = {isa = PBXBuildFile; fileRef = 9D6616852A44417000B43125 /* Coordinator.swift */; };
		9D6616882A44420800B43125 /* AppCoordinator.swift in Sources */ = {isa = PBXBuildFile; fileRef = 9D6616872A44420800B43125 /* AppCoordinator.swift */; };
		9D66168C2A4444E500B43125 /* UserDefaultsEnum.swift in Sources */ = {isa = PBXBuildFile; fileRef = 9D66168B2A4444E500B43125 /* UserDefaultsEnum.swift */; };
		9D6616942A4447B400B43125 /* LoginVC.swift in Sources */ = {isa = PBXBuildFile; fileRef = 9D6616932A4447B400B43125 /* LoginVC.swift */; };
		9D6616962A4447BF00B43125 /* LoginVM.swift in Sources */ = {isa = PBXBuildFile; fileRef = 9D6616952A4447BF00B43125 /* LoginVM.swift */; };
		9D6616982A4447D300B43125 /* LoginCoordinator.swift in Sources */ = {isa = PBXBuildFile; fileRef = 9D6616972A4447D300B43125 /* LoginCoordinator.swift */; };
		9D66169A2A4447E100B43125 /* LoginAssembler.swift in Sources */ = {isa = PBXBuildFile; fileRef = 9D6616992A4447E100B43125 /* LoginAssembler.swift */; };
		9D66169C2A44481B00B43125 /* LoginVMProtocol.swift in Sources */ = {isa = PBXBuildFile; fileRef = 9D66169B2A44481B00B43125 /* LoginVMProtocol.swift */; };
		9D66169E2A4449B400B43125 /* LoginCoordinatorProtocol.swift in Sources */ = {isa = PBXBuildFile; fileRef = 9D66169D2A4449B400B43125 /* LoginCoordinatorProtocol.swift */; };
		9D6616A02A444B5800B43125 /* LoginRootCoordinatorProtocol.swift in Sources */ = {isa = PBXBuildFile; fileRef = 9D66169F2A444B5800B43125 /* LoginRootCoordinatorProtocol.swift */; };
		9D6616A32A444F1500B43125 /* RegisterVMProtocol.swift in Sources */ = {isa = PBXBuildFile; fileRef = 9D6616A22A444F1500B43125 /* RegisterVMProtocol.swift */; };
		9D6616A52A444F2800B43125 /* RegisterCoordinatorProtocol.swift in Sources */ = {isa = PBXBuildFile; fileRef = 9D6616A42A444F2800B43125 /* RegisterCoordinatorProtocol.swift */; };
		9D6616A72A444F3900B43125 /* RegisterRootCoordinatorProtocol.swift in Sources */ = {isa = PBXBuildFile; fileRef = 9D6616A62A444F3900B43125 /* RegisterRootCoordinatorProtocol.swift */; };
		9D6616A92A444FF100B43125 /* RegisterVC.swift in Sources */ = {isa = PBXBuildFile; fileRef = 9D6616A82A444FF100B43125 /* RegisterVC.swift */; };
		9D6616AB2A444FFB00B43125 /* RegisterVM.swift in Sources */ = {isa = PBXBuildFile; fileRef = 9D6616AA2A444FFB00B43125 /* RegisterVM.swift */; };
		9D6616AD2A44500C00B43125 /* RegisterCoordinator.swift in Sources */ = {isa = PBXBuildFile; fileRef = 9D6616AC2A44500B00B43125 /* RegisterCoordinator.swift */; };
		9D6616AF2A44503500B43125 /* RegisterAssembler.swift in Sources */ = {isa = PBXBuildFile; fileRef = 9D6616AE2A44503500B43125 /* RegisterAssembler.swift */; };
		9D6616B22A44778A00B43125 /* ForgotPasswordVMProtocol.swift in Sources */ = {isa = PBXBuildFile; fileRef = 9D6616B12A44778A00B43125 /* ForgotPasswordVMProtocol.swift */; };
		9D6616B42A4477C900B43125 /* ForgotPasswordCoordinatorProtocol.swift in Sources */ = {isa = PBXBuildFile; fileRef = 9D6616B32A4477C900B43125 /* ForgotPasswordCoordinatorProtocol.swift */; };
		9D6616B62A44780800B43125 /* ForgotPasswordRootCoordinatorProtocol.swift in Sources */ = {isa = PBXBuildFile; fileRef = 9D6616B52A44780800B43125 /* ForgotPasswordRootCoordinatorProtocol.swift */; };
		9D6616B82A44786B00B43125 /* ForgotPasswordVC.swift in Sources */ = {isa = PBXBuildFile; fileRef = 9D6616B72A44786B00B43125 /* ForgotPasswordVC.swift */; };
		9D6616BA2A44794300B43125 /* ForgotPasswordVM.swift in Sources */ = {isa = PBXBuildFile; fileRef = 9D6616B92A44794300B43125 /* ForgotPasswordVM.swift */; };
		9D6616BC2A447B1100B43125 /* ForgotPasswordCoordinator.swift in Sources */ = {isa = PBXBuildFile; fileRef = 9D6616BB2A447B1100B43125 /* ForgotPasswordCoordinator.swift */; };
		9D6616BE2A447B2400B43125 /* ForgotPasswordAssembler.swift in Sources */ = {isa = PBXBuildFile; fileRef = 9D6616BD2A447B2400B43125 /* ForgotPasswordAssembler.swift */; };
		9D6616C32A45833D00B43125 /* TabBarCoordinatorProtocol.swift in Sources */ = {isa = PBXBuildFile; fileRef = 9D6616C22A45833D00B43125 /* TabBarCoordinatorProtocol.swift */; };
		9D6616C52A45834E00B43125 /* TabBarRootCoordinatorProtocol.swift in Sources */ = {isa = PBXBuildFile; fileRef = 9D6616C42A45834E00B43125 /* TabBarRootCoordinatorProtocol.swift */; };
		9D6616C72A45836400B43125 /* TabBarController.swift in Sources */ = {isa = PBXBuildFile; fileRef = 9D6616C62A45836400B43125 /* TabBarController.swift */; };
		9D6616C92A45837500B43125 /* TabBarAssembler.swift in Sources */ = {isa = PBXBuildFile; fileRef = 9D6616C82A45837500B43125 /* TabBarAssembler.swift */; };
		9D6616CB2A45838D00B43125 /* TabBarCoordinator.swift in Sources */ = {isa = PBXBuildFile; fileRef = 9D6616CA2A45838D00B43125 /* TabBarCoordinator.swift */; };
		9D6616CF2A458BB600B43125 /* TrainingVMProtocol.swift in Sources */ = {isa = PBXBuildFile; fileRef = 9D6616CE2A458BB600B43125 /* TrainingVMProtocol.swift */; };
		9D6616D12A458BC900B43125 /* TrainingCoordinatorProtocol.swift in Sources */ = {isa = PBXBuildFile; fileRef = 9D6616D02A458BC900B43125 /* TrainingCoordinatorProtocol.swift */; };
		9D6616D32A458BDF00B43125 /* TrainingRootCoordinatorProtocol.swift in Sources */ = {isa = PBXBuildFile; fileRef = 9D6616D22A458BDF00B43125 /* TrainingRootCoordinatorProtocol.swift */; };
		9D6616D52A458C7F00B43125 /* TrainingVC.swift in Sources */ = {isa = PBXBuildFile; fileRef = 9D6616D42A458C7F00B43125 /* TrainingVC.swift */; };
		9D6616D72A458E1A00B43125 /* TrainingVM.swift in Sources */ = {isa = PBXBuildFile; fileRef = 9D6616D62A458E1A00B43125 /* TrainingVM.swift */; };
		9D6616D92A458E9100B43125 /* TrainingCoordiantor.swift in Sources */ = {isa = PBXBuildFile; fileRef = 9D6616D82A458E9100B43125 /* TrainingCoordiantor.swift */; };
		9D6616DB2A458F2900B43125 /* TrainingAssembler.swift in Sources */ = {isa = PBXBuildFile; fileRef = 9D6616DA2A458F2900B43125 /* TrainingAssembler.swift */; };
		9D6616DF2A45B55800B43125 /* HistoryVMProtocol.swift in Sources */ = {isa = PBXBuildFile; fileRef = 9D6616DE2A45B55800B43125 /* HistoryVMProtocol.swift */; };
		9D6616E12A45B56600B43125 /* HistoryCoordinatorProtocol.swift in Sources */ = {isa = PBXBuildFile; fileRef = 9D6616E02A45B56600B43125 /* HistoryCoordinatorProtocol.swift */; };
		9D6616E32A45B57600B43125 /* HistoryRootCoordinatorProtocol.swift in Sources */ = {isa = PBXBuildFile; fileRef = 9D6616E22A45B57600B43125 /* HistoryRootCoordinatorProtocol.swift */; };
		9D6616E52A45B5E300B43125 /* HistoryVC.swift in Sources */ = {isa = PBXBuildFile; fileRef = 9D6616E42A45B5E300B43125 /* HistoryVC.swift */; };
		9D6616E72A45B70D00B43125 /* HistoryVM.swift in Sources */ = {isa = PBXBuildFile; fileRef = 9D6616E62A45B70D00B43125 /* HistoryVM.swift */; };
		9D6616E92A45B75D00B43125 /* HistoryCoordinator.swift in Sources */ = {isa = PBXBuildFile; fileRef = 9D6616E82A45B75D00B43125 /* HistoryCoordinator.swift */; };
		9D6616EB2A45B79000B43125 /* HistoryAssembler.swift in Sources */ = {isa = PBXBuildFile; fileRef = 9D6616EA2A45B79000B43125 /* HistoryAssembler.swift */; };
		9D6616F12A45B9A700B43125 /* ProfileVMProtocol.swift in Sources */ = {isa = PBXBuildFile; fileRef = 9D6616F02A45B9A700B43125 /* ProfileVMProtocol.swift */; };
		9D6616F32A45B9BB00B43125 /* ProfileCoordinatorProtocol.swift in Sources */ = {isa = PBXBuildFile; fileRef = 9D6616F22A45B9BB00B43125 /* ProfileCoordinatorProtocol.swift */; };
		9D6616F52A45B9CC00B43125 /* ProfileRootCoordinatorProtocol.swift in Sources */ = {isa = PBXBuildFile; fileRef = 9D6616F42A45B9CC00B43125 /* ProfileRootCoordinatorProtocol.swift */; };
		9D6616F72A45BA0800B43125 /* ProfileVC.swift in Sources */ = {isa = PBXBuildFile; fileRef = 9D6616F62A45BA0700B43125 /* ProfileVC.swift */; };
		9D6616F92A45BA8800B43125 /* ProfileVM.swift in Sources */ = {isa = PBXBuildFile; fileRef = 9D6616F82A45BA8800B43125 /* ProfileVM.swift */; };
		9D6616FB2A45BAB700B43125 /* ProfileCoordinator.swift in Sources */ = {isa = PBXBuildFile; fileRef = 9D6616FA2A45BAB700B43125 /* ProfileCoordinator.swift */; };
		9D6616FD2A45BAFD00B43125 /* ProfileAssembler.swift in Sources */ = {isa = PBXBuildFile; fileRef = 9D6616FC2A45BAFD00B43125 /* ProfileAssembler.swift */; };
		9D6617012A45BC6A00B43125 /* MotivationVMProtocol.swift in Sources */ = {isa = PBXBuildFile; fileRef = 9D6617002A45BC6A00B43125 /* MotivationVMProtocol.swift */; };
		9D6617032A45BC8A00B43125 /* MotivationCoordinatorProtocol.swift in Sources */ = {isa = PBXBuildFile; fileRef = 9D6617022A45BC8A00B43125 /* MotivationCoordinatorProtocol.swift */; };
		9D6617052A45BCB200B43125 /* MotivationRootCoordinatorProtocol.swift in Sources */ = {isa = PBXBuildFile; fileRef = 9D6617042A45BCB200B43125 /* MotivationRootCoordinatorProtocol.swift */; };
		9D6617072A45BCDD00B43125 /* MotivationVC.swift in Sources */ = {isa = PBXBuildFile; fileRef = 9D6617062A45BCDD00B43125 /* MotivationVC.swift */; };
		9D6617092A45BD7700B43125 /* MotivationVM.swift in Sources */ = {isa = PBXBuildFile; fileRef = 9D6617082A45BD7700B43125 /* MotivationVM.swift */; };
		9D66170B2A45BDAA00B43125 /* MotivationCoordinator.swift in Sources */ = {isa = PBXBuildFile; fileRef = 9D66170A2A45BDAA00B43125 /* MotivationCoordinator.swift */; };
		9D66170D2A45BDF100B43125 /* MotivationAssembler.swift in Sources */ = {isa = PBXBuildFile; fileRef = 9D66170C2A45BDF100B43125 /* MotivationAssembler.swift */; };
		9D75E2722A48BA3000628060 /* Container.swift in Sources */ = {isa = PBXBuildFile; fileRef = 9D75E2712A48BA3000628060 /* Container.swift */; };
		9D75E2742A48BA4300628060 /* ServiceConfigurations.swift in Sources */ = {isa = PBXBuildFile; fileRef = 9D75E2732A48BA4300628060 /* ServiceConfigurations.swift */; };
		9D75E2762A48BA9B00628060 /* AuthService.swift in Sources */ = {isa = PBXBuildFile; fileRef = 9D75E2752A48BA9B00628060 /* AuthService.swift */; };
		9D75E2782A48BAEF00628060 /* LoginAuthServiceProtocol.swift in Sources */ = {isa = PBXBuildFile; fileRef = 9D75E2772A48BAEF00628060 /* LoginAuthServiceProtocol.swift */; };
		9D75E27B2A48C23600628060 /* Montserrat-Regular.ttf in Resources */ = {isa = PBXBuildFile; fileRef = 9D75E27A2A48C23600628060 /* Montserrat-Regular.ttf */; };
		9D75E27F2A48C25400628060 /* Montserrat-SemiBold.ttf in Resources */ = {isa = PBXBuildFile; fileRef = 9D75E27D2A48C25400628060 /* Montserrat-SemiBold.ttf */; };
		9D75E2822A48C33500628060 /* UILabel+Extension.swift in Sources */ = {isa = PBXBuildFile; fileRef = 9D75E2812A48C33500628060 /* UILabel+Extension.swift */; };
		9D75E2842A48C38B00628060 /* UIFont+Extension.swift in Sources */ = {isa = PBXBuildFile; fileRef = 9D75E2832A48C38B00628060 /* UIFont+Extension.swift */; };
		9D75E2862A48CE4100628060 /* ForgotPasswordAuthServiceProtocol.swift in Sources */ = {isa = PBXBuildFile; fileRef = 9D75E2852A48CE4100628060 /* ForgotPasswordAuthServiceProtocol.swift */; };
		9D75E2882A48CE7200628060 /* RegisterAuthServiceProtocol.swift in Sources */ = {isa = PBXBuildFile; fileRef = 9D75E2872A48CE7200628060 /* RegisterAuthServiceProtocol.swift */; };
		9D75E28A2A49898600628060 /* UITextField+Extension.swift in Sources */ = {isa = PBXBuildFile; fileRef = 9D75E2892A49898600628060 /* UITextField+Extension.swift */; };
		9D75E28C2A499C5300628060 /* UIButton+Extension.swift in Sources */ = {isa = PBXBuildFile; fileRef = 9D75E28B2A499C5300628060 /* UIButton+Extension.swift */; };
		9D75E2902A4B3F8C00628060 /* AlertControllerFactory.swift in Sources */ = {isa = PBXBuildFile; fileRef = 9D75E28F2A4B3F8C00628060 /* AlertControllerFactory.swift */; };
		9D75E2922A4B3FC000628060 /* AlertControllerFactoryProtocol.swift in Sources */ = {isa = PBXBuildFile; fileRef = 9D75E2912A4B3FC000628060 /* AlertControllerFactoryProtocol.swift */; };
		9D75E2942A4B44FA00628060 /* RegisterLoginDelegate.swift in Sources */ = {isa = PBXBuildFile; fileRef = 9D75E2932A4B44FA00628060 /* RegisterLoginDelegate.swift */; };
		9D75E2962A4B4D0500628060 /* ForgotPasswordLoginDelegate.swift in Sources */ = {isa = PBXBuildFile; fileRef = 9D75E2952A4B4D0500628060 /* ForgotPasswordLoginDelegate.swift */; };
		9D75E29B2A4B5D8700628060 /* FirebaseAuth in Frameworks */ = {isa = PBXBuildFile; productRef = 9D75E29A2A4B5D8700628060 /* FirebaseAuth */; };
		9D75E29E2A4C32D300628060 /* GoogleSignIn in Frameworks */ = {isa = PBXBuildFile; productRef = 9D75E29D2A4C32D300628060 /* GoogleSignIn */; };
		9D75E2A02A4C32D300628060 /* GoogleSignInSwift in Frameworks */ = {isa = PBXBuildFile; productRef = 9D75E29F2A4C32D300628060 /* GoogleSignInSwift */; };
		9D75E2A22A4C351000628060 /* GoogleService-Info.plist in Resources */ = {isa = PBXBuildFile; fileRef = 9D75E2A12A4C351000628060 /* GoogleService-Info.plist */; };
		9D75E2A42A4CC2DC00628060 /* ViewContext.swift in Sources */ = {isa = PBXBuildFile; fileRef = 9D75E2A32A4CC2DC00628060 /* ViewContext.swift */; };
		9D75E2A62A4D718500628060 /* UserDataService.swift in Sources */ = {isa = PBXBuildFile; fileRef = 9D75E2A52A4D718400628060 /* UserDataService.swift */; };
		9D75E2A82A4D767000628060 /* LoginUserDataServiceProtocol.swift in Sources */ = {isa = PBXBuildFile; fileRef = 9D75E2A72A4D767000628060 /* LoginUserDataServiceProtocol.swift */; };
		9D75E2AE2A4D84A100628060 /* OnBoardingVC.swift in Sources */ = {isa = PBXBuildFile; fileRef = 9D75E2AA2A4D84A000628060 /* OnBoardingVC.swift */; };
		9D75E2AF2A4D84A100628060 /* OnBoardingAssembler.swift in Sources */ = {isa = PBXBuildFile; fileRef = 9D75E2AB2A4D84A100628060 /* OnBoardingAssembler.swift */; };
		9D75E2B02A4D84A100628060 /* OnBoardingCoordinator.swift in Sources */ = {isa = PBXBuildFile; fileRef = 9D75E2AC2A4D84A100628060 /* OnBoardingCoordinator.swift */; };
		9D75E2B12A4D84A100628060 /* OnBoardingVM.swift in Sources */ = {isa = PBXBuildFile; fileRef = 9D75E2AD2A4D84A100628060 /* OnBoardingVM.swift */; };
		9D75E2BD2A4D84D700628060 /* OnBoardingViewModelProtocol.swift in Sources */ = {isa = PBXBuildFile; fileRef = 9D75E2B42A4D84D600628060 /* OnBoardingViewModelProtocol.swift */; };
		9D75E2BE2A4D84D700628060 /* OnBoardingRootCoordinatorProtocol.swift in Sources */ = {isa = PBXBuildFile; fileRef = 9D75E2B52A4D84D600628060 /* OnBoardingRootCoordinatorProtocol.swift */; };
		9D75E2BF2A4D84D700628060 /* OnBoardingCoordinatorProtocol.swift in Sources */ = {isa = PBXBuildFile; fileRef = 9D75E2B62A4D84D600628060 /* OnBoardingCoordinatorProtocol.swift */; };
		9D75E2C12A4D84D700628060 /* GenderPageList.swift in Sources */ = {isa = PBXBuildFile; fileRef = 9D75E2B92A4D84D700628060 /* GenderPageList.swift */; };
		9D75E2C22A4D84D700628060 /* PageViewAdapterProtocol.swift in Sources */ = {isa = PBXBuildFile; fileRef = 9D75E2BB2A4D84D700628060 /* PageViewAdapterProtocol.swift */; };
		9D75E2C32A4D84D700628060 /* PageViewAdapter.swift in Sources */ = {isa = PBXBuildFile; fileRef = 9D75E2BC2A4D84D700628060 /* PageViewAdapter.swift */; };
		9D75E2C52A4D863100628060 /* OnBoardingPageEnum.swift in Sources */ = {isa = PBXBuildFile; fileRef = 9D75E2C42A4D863100628060 /* OnBoardingPageEnum.swift */; };
		9D75E2C72A4DE18100628060 /* UIView+Extension.swift in Sources */ = {isa = PBXBuildFile; fileRef = 9D75E2C62A4DE18000628060 /* UIView+Extension.swift */; };
		9D75E2C92A4EB7A300628060 /* PageListsDelegate.swift in Sources */ = {isa = PBXBuildFile; fileRef = 9D75E2C82A4EB7A200628060 /* PageListsDelegate.swift */; };
		9D75E2CB2A4EBAAD00628060 /* PickerPageList.swift in Sources */ = {isa = PBXBuildFile; fileRef = 9D75E2CA2A4EBAAD00628060 /* PickerPageList.swift */; };
		9D75E2CF2A4EBE3A00628060 /* PickerPageVM.swift in Sources */ = {isa = PBXBuildFile; fileRef = 9D75E2CE2A4EBE3A00628060 /* PickerPageVM.swift */; };
		9D75E2D12A4EBE4600628060 /* PickerPageAssembler.swift in Sources */ = {isa = PBXBuildFile; fileRef = 9D75E2D02A4EBE4600628060 /* PickerPageAssembler.swift */; };
		9D75E2D42A4EBE5F00628060 /* PickerVMProtocol.swift in Sources */ = {isa = PBXBuildFile; fileRef = 9D75E2D32A4EBE5F00628060 /* PickerVMProtocol.swift */; };
		9D75E2D82A4EBFDF00628060 /* PickerViewAdapter.swift in Sources */ = {isa = PBXBuildFile; fileRef = 9D75E2D72A4EBFDF00628060 /* PickerViewAdapter.swift */; };
		9D75E2DA2A4EBFFC00628060 /* PickerViewAdapterProtocol.swift in Sources */ = {isa = PBXBuildFile; fileRef = 9D75E2D92A4EBFFC00628060 /* PickerViewAdapterProtocol.swift */; };
		9D75E2DE2A4F42F500628060 /* GenderPageVM.swift in Sources */ = {isa = PBXBuildFile; fileRef = 9D75E2DD2A4F42F500628060 /* GenderPageVM.swift */; };
		9D75E2E02A4F430300628060 /* GenderPageAssembler.swift in Sources */ = {isa = PBXBuildFile; fileRef = 9D75E2DF2A4F430300628060 /* GenderPageAssembler.swift */; };
		9D75E2E32A4F463500628060 /* GenderVMProtocol.swift in Sources */ = {isa = PBXBuildFile; fileRef = 9D75E2E22A4F463500628060 /* GenderVMProtocol.swift */; };
		9D75E2E62A4F550D00628060 /* ImageProfileList.swift in Sources */ = {isa = PBXBuildFile; fileRef = 9D75E2E52A4F550D00628060 /* ImageProfileList.swift */; };
		9D75E2E92A4F594000628060 /* ImageProfileVMProtocol.swift in Sources */ = {isa = PBXBuildFile; fileRef = 9D75E2E82A4F594000628060 /* ImageProfileVMProtocol.swift */; };
		9D75E2EB2A4F5A4E00628060 /* ImageProfileVM.swift in Sources */ = {isa = PBXBuildFile; fileRef = 9D75E2EA2A4F5A4E00628060 /* ImageProfileVM.swift */; };
		9D75E2EE2A4F5B6600628060 /* ImagePickerAdapter.swift in Sources */ = {isa = PBXBuildFile; fileRef = 9D75E2ED2A4F5B6600628060 /* ImagePickerAdapter.swift */; };
		9D75E2F02A4F5B7700628060 /* OnBoardingImagePickerAdapterProtocol.swift in Sources */ = {isa = PBXBuildFile; fileRef = 9D75E2EF2A4F5B7700628060 /* OnBoardingImagePickerAdapterProtocol.swift */; };
		9D75E2F22A4F5C9400628060 /* OnBoardingImagePickerAdapterDelegate.swift in Sources */ = {isa = PBXBuildFile; fileRef = 9D75E2F12A4F5C9400628060 /* OnBoardingImagePickerAdapterDelegate.swift */; };
		9D75E2F42A4F607B00628060 /* ImageProfileVCDelegate.swift in Sources */ = {isa = PBXBuildFile; fileRef = 9D75E2F32A4F607B00628060 /* ImageProfileVCDelegate.swift */; };
		9D75E2F62A4F648200628060 /* ImageProfileAssembler.swift in Sources */ = {isa = PBXBuildFile; fileRef = 9D75E2F52A4F648200628060 /* ImageProfileAssembler.swift */; };
		9D75E2F92A50198900628060 /* ProfileModel.swift in Sources */ = {isa = PBXBuildFile; fileRef = 9D75E2F82A50198900628060 /* ProfileModel.swift */; };
		9D75E2FB2A501D6300628060 /* ImageService.swift in Sources */ = {isa = PBXBuildFile; fileRef = 9D75E2FA2A501D6300628060 /* ImageService.swift */; };
		9D75E2FD2A52CC9300628060 /* OnBoardingImageServiceProtocol.swift in Sources */ = {isa = PBXBuildFile; fileRef = 9D75E2FC2A52CC9300628060 /* OnBoardingImageServiceProtocol.swift */; };
		9D75E2FF2A52D1C700628060 /* OnBoardingUserDataServiceProtocol.swift in Sources */ = {isa = PBXBuildFile; fileRef = 9D75E2FE2A52D1C700628060 /* OnBoardingUserDataServiceProtocol.swift */; };
		9D75E3022A52E7DB00628060 /* NamePageList.swift in Sources */ = {isa = PBXBuildFile; fileRef = 9D75E3012A52E7DB00628060 /* NamePageList.swift */; };
		9D75E3042A52E7E700628060 /* NamePageVM.swift in Sources */ = {isa = PBXBuildFile; fileRef = 9D75E3032A52E7E700628060 /* NamePageVM.swift */; };
		9D75E3062A52E7FA00628060 /* NamePageAssembler.swift in Sources */ = {isa = PBXBuildFile; fileRef = 9D75E3052A52E7FA00628060 /* NamePageAssembler.swift */; };
		9D75E3092A52E81C00628060 /* NamePageVMProtocol.swift in Sources */ = {isa = PBXBuildFile; fileRef = 9D75E3082A52E81C00628060 /* NamePageVMProtocol.swift */; };
/* End PBXBuildFile section */

/* Begin PBXFileReference section */
		9D5881A72A541E60007B42A3 /* DataModel.xcdatamodel */ = {isa = PBXFileReference; lastKnownFileType = wrapper.xcdatamodel; path = DataModel.xcdatamodel; sourceTree = "<group>"; };
		9D5881AA2A541F67007B42A3 /* CoreDataStack.swift */ = {isa = PBXFileReference; lastKnownFileType = sourcecode.swift; path = CoreDataStack.swift; sourceTree = "<group>"; };
		9D5881AC2A541FFF007B42A3 /* CoreDataService.swift */ = {isa = PBXFileReference; lastKnownFileType = sourcecode.swift; path = CoreDataService.swift; sourceTree = "<group>"; };
		9D5881AE2A54224B007B42A3 /* Profile+CoreDataClass.swift */ = {isa = PBXFileReference; lastKnownFileType = sourcecode.swift; path = "Profile+CoreDataClass.swift"; sourceTree = "<group>"; };
		9D5881AF2A54224C007B42A3 /* Profile+CoreDataProperties.swift */ = {isa = PBXFileReference; lastKnownFileType = sourcecode.swift; path = "Profile+CoreDataProperties.swift"; sourceTree = "<group>"; };
		9D5881B22A545727007B42A3 /* OnBoardingCoreDataServiceProtocol.swift */ = {isa = PBXFileReference; lastKnownFileType = sourcecode.swift; path = OnBoardingCoreDataServiceProtocol.swift; sourceTree = "<group>"; };
		9D5881B42A545942007B42A3 /* ProfileCoreDataServiceProtocol.swift */ = {isa = PBXFileReference; lastKnownFileType = sourcecode.swift; path = ProfileCoreDataServiceProtocol.swift; sourceTree = "<group>"; };
		9D5881B62A545BDE007B42A3 /* ProfileUserDataServiceProtocol.swift */ = {isa = PBXFileReference; lastKnownFileType = sourcecode.swift; path = ProfileUserDataServiceProtocol.swift; sourceTree = "<group>"; };
		9D5881B82A5461A6007B42A3 /* ProfileImageServiceProtocol.swift */ = {isa = PBXFileReference; lastKnownFileType = sourcecode.swift; path = ProfileImageServiceProtocol.swift; sourceTree = "<group>"; };
		9D5881BA2A559332007B42A3 /* ProfileAuthServiceProtocol.swift */ = {isa = PBXFileReference; lastKnownFileType = sourcecode.swift; path = ProfileAuthServiceProtocol.swift; sourceTree = "<group>"; };
		9D5881BC2A55DFC6007B42A3 /* LoginCoreDataServiceProtocol.swift */ = {isa = PBXFileReference; lastKnownFileType = sourcecode.swift; path = LoginCoreDataServiceProtocol.swift; sourceTree = "<group>"; };
		9D5881BE2A5743FA007B42A3 /* ProfileImagePickerAdapterDelegate.swift */ = {isa = PBXFileReference; lastKnownFileType = sourcecode.swift; path = ProfileImagePickerAdapterDelegate.swift; sourceTree = "<group>"; };
		9D5881C02A5744EC007B42A3 /* ProfileImagePickerAdapterProtocol.swift */ = {isa = PBXFileReference; lastKnownFileType = sourcecode.swift; path = ProfileImagePickerAdapterProtocol.swift; sourceTree = "<group>"; };
		9D5881C32A574FA8007B42A3 /* ProfileVCDelegate.swift */ = {isa = PBXFileReference; lastKnownFileType = sourcecode.swift; path = ProfileVCDelegate.swift; sourceTree = "<group>"; };
		9D5881C52A580280007B42A3 /* FitnessApp.entitlements */ = {isa = PBXFileReference; lastKnownFileType = text.plist.entitlements; path = FitnessApp.entitlements; sourceTree = "<group>"; };
		9D5881C72A580280007B42A3 /* HealthKit.framework */ = {isa = PBXFileReference; lastKnownFileType = wrapper.framework; name = HealthKit.framework; path = System/Library/Frameworks/HealthKit.framework; sourceTree = SDKROOT; };
		9D5881C92A5805E8007B42A3 /* HealtKitService.swift */ = {isa = PBXFileReference; lastKnownFileType = sourcecode.swift; path = HealtKitService.swift; sourceTree = "<group>"; };
		9D5881CB2A583E09007B42A3 /* TrainingHealthKitServiceProtocol.swift */ = {isa = PBXFileReference; lastKnownFileType = sourcecode.swift; path = TrainingHealthKitServiceProtocol.swift; sourceTree = "<group>"; };
		9D5881CD2A5852C1007B42A3 /* HKTypeEnum.swift */ = {isa = PBXFileReference; lastKnownFileType = sourcecode.swift; path = HKTypeEnum.swift; sourceTree = "<group>"; };
		9D5881CF2A5963C9007B42A3 /* TrainingVCDelegate.swift */ = {isa = PBXFileReference; lastKnownFileType = sourcecode.swift; path = TrainingVCDelegate.swift; sourceTree = "<group>"; };
		9D66166D2A406D3C00B43125 /* FitnessApp.app */ = {isa = PBXFileReference; explicitFileType = wrapper.application; includeInIndex = 0; path = FitnessApp.app; sourceTree = BUILT_PRODUCTS_DIR; };
		9D6616702A406D3C00B43125 /* AppDelegate.swift */ = {isa = PBXFileReference; lastKnownFileType = sourcecode.swift; path = AppDelegate.swift; sourceTree = "<group>"; };
		9D6616722A406D3C00B43125 /* SceneDelegate.swift */ = {isa = PBXFileReference; lastKnownFileType = sourcecode.swift; path = SceneDelegate.swift; sourceTree = "<group>"; };
		9D6616792A406D4000B43125 /* Assets.xcassets */ = {isa = PBXFileReference; lastKnownFileType = folder.assetcatalog; path = Assets.xcassets; sourceTree = "<group>"; };
		9D66167C2A406D4000B43125 /* Base */ = {isa = PBXFileReference; lastKnownFileType = file.storyboard; name = Base; path = Base.lproj/LaunchScreen.storyboard; sourceTree = "<group>"; };
		9D66167E2A406D4000B43125 /* Info.plist */ = {isa = PBXFileReference; lastKnownFileType = text.plist.xml; path = Info.plist; sourceTree = "<group>"; };
		9D6616852A44417000B43125 /* Coordinator.swift */ = {isa = PBXFileReference; lastKnownFileType = sourcecode.swift; path = Coordinator.swift; sourceTree = "<group>"; };
		9D6616872A44420800B43125 /* AppCoordinator.swift */ = {isa = PBXFileReference; lastKnownFileType = sourcecode.swift; path = AppCoordinator.swift; sourceTree = "<group>"; };
		9D66168B2A4444E500B43125 /* UserDefaultsEnum.swift */ = {isa = PBXFileReference; lastKnownFileType = sourcecode.swift; path = UserDefaultsEnum.swift; sourceTree = "<group>"; };
		9D6616932A4447B400B43125 /* LoginVC.swift */ = {isa = PBXFileReference; lastKnownFileType = sourcecode.swift; path = LoginVC.swift; sourceTree = "<group>"; };
		9D6616952A4447BF00B43125 /* LoginVM.swift */ = {isa = PBXFileReference; lastKnownFileType = sourcecode.swift; path = LoginVM.swift; sourceTree = "<group>"; };
		9D6616972A4447D300B43125 /* LoginCoordinator.swift */ = {isa = PBXFileReference; lastKnownFileType = sourcecode.swift; path = LoginCoordinator.swift; sourceTree = "<group>"; };
		9D6616992A4447E100B43125 /* LoginAssembler.swift */ = {isa = PBXFileReference; lastKnownFileType = sourcecode.swift; path = LoginAssembler.swift; sourceTree = "<group>"; };
		9D66169B2A44481B00B43125 /* LoginVMProtocol.swift */ = {isa = PBXFileReference; lastKnownFileType = sourcecode.swift; path = LoginVMProtocol.swift; sourceTree = "<group>"; };
		9D66169D2A4449B400B43125 /* LoginCoordinatorProtocol.swift */ = {isa = PBXFileReference; lastKnownFileType = sourcecode.swift; path = LoginCoordinatorProtocol.swift; sourceTree = "<group>"; };
		9D66169F2A444B5800B43125 /* LoginRootCoordinatorProtocol.swift */ = {isa = PBXFileReference; lastKnownFileType = sourcecode.swift; path = LoginRootCoordinatorProtocol.swift; sourceTree = "<group>"; };
		9D6616A22A444F1500B43125 /* RegisterVMProtocol.swift */ = {isa = PBXFileReference; lastKnownFileType = sourcecode.swift; path = RegisterVMProtocol.swift; sourceTree = "<group>"; };
		9D6616A42A444F2800B43125 /* RegisterCoordinatorProtocol.swift */ = {isa = PBXFileReference; lastKnownFileType = sourcecode.swift; path = RegisterCoordinatorProtocol.swift; sourceTree = "<group>"; };
		9D6616A62A444F3900B43125 /* RegisterRootCoordinatorProtocol.swift */ = {isa = PBXFileReference; lastKnownFileType = sourcecode.swift; path = RegisterRootCoordinatorProtocol.swift; sourceTree = "<group>"; };
		9D6616A82A444FF100B43125 /* RegisterVC.swift */ = {isa = PBXFileReference; lastKnownFileType = sourcecode.swift; path = RegisterVC.swift; sourceTree = "<group>"; };
		9D6616AA2A444FFB00B43125 /* RegisterVM.swift */ = {isa = PBXFileReference; lastKnownFileType = sourcecode.swift; path = RegisterVM.swift; sourceTree = "<group>"; };
		9D6616AC2A44500B00B43125 /* RegisterCoordinator.swift */ = {isa = PBXFileReference; lastKnownFileType = sourcecode.swift; path = RegisterCoordinator.swift; sourceTree = "<group>"; };
		9D6616AE2A44503500B43125 /* RegisterAssembler.swift */ = {isa = PBXFileReference; lastKnownFileType = sourcecode.swift; path = RegisterAssembler.swift; sourceTree = "<group>"; };
		9D6616B12A44778A00B43125 /* ForgotPasswordVMProtocol.swift */ = {isa = PBXFileReference; lastKnownFileType = sourcecode.swift; path = ForgotPasswordVMProtocol.swift; sourceTree = "<group>"; };
		9D6616B32A4477C900B43125 /* ForgotPasswordCoordinatorProtocol.swift */ = {isa = PBXFileReference; lastKnownFileType = sourcecode.swift; path = ForgotPasswordCoordinatorProtocol.swift; sourceTree = "<group>"; };
		9D6616B52A44780800B43125 /* ForgotPasswordRootCoordinatorProtocol.swift */ = {isa = PBXFileReference; lastKnownFileType = sourcecode.swift; path = ForgotPasswordRootCoordinatorProtocol.swift; sourceTree = "<group>"; };
		9D6616B72A44786B00B43125 /* ForgotPasswordVC.swift */ = {isa = PBXFileReference; lastKnownFileType = sourcecode.swift; path = ForgotPasswordVC.swift; sourceTree = "<group>"; };
		9D6616B92A44794300B43125 /* ForgotPasswordVM.swift */ = {isa = PBXFileReference; lastKnownFileType = sourcecode.swift; path = ForgotPasswordVM.swift; sourceTree = "<group>"; };
		9D6616BB2A447B1100B43125 /* ForgotPasswordCoordinator.swift */ = {isa = PBXFileReference; lastKnownFileType = sourcecode.swift; path = ForgotPasswordCoordinator.swift; sourceTree = "<group>"; };
		9D6616BD2A447B2400B43125 /* ForgotPasswordAssembler.swift */ = {isa = PBXFileReference; lastKnownFileType = sourcecode.swift; path = ForgotPasswordAssembler.swift; sourceTree = "<group>"; };
		9D6616C22A45833D00B43125 /* TabBarCoordinatorProtocol.swift */ = {isa = PBXFileReference; lastKnownFileType = sourcecode.swift; path = TabBarCoordinatorProtocol.swift; sourceTree = "<group>"; };
		9D6616C42A45834E00B43125 /* TabBarRootCoordinatorProtocol.swift */ = {isa = PBXFileReference; lastKnownFileType = sourcecode.swift; path = TabBarRootCoordinatorProtocol.swift; sourceTree = "<group>"; };
		9D6616C62A45836400B43125 /* TabBarController.swift */ = {isa = PBXFileReference; lastKnownFileType = sourcecode.swift; path = TabBarController.swift; sourceTree = "<group>"; };
		9D6616C82A45837500B43125 /* TabBarAssembler.swift */ = {isa = PBXFileReference; lastKnownFileType = sourcecode.swift; path = TabBarAssembler.swift; sourceTree = "<group>"; };
		9D6616CA2A45838D00B43125 /* TabBarCoordinator.swift */ = {isa = PBXFileReference; lastKnownFileType = sourcecode.swift; path = TabBarCoordinator.swift; sourceTree = "<group>"; };
		9D6616CE2A458BB600B43125 /* TrainingVMProtocol.swift */ = {isa = PBXFileReference; lastKnownFileType = sourcecode.swift; path = TrainingVMProtocol.swift; sourceTree = "<group>"; };
		9D6616D02A458BC900B43125 /* TrainingCoordinatorProtocol.swift */ = {isa = PBXFileReference; lastKnownFileType = sourcecode.swift; path = TrainingCoordinatorProtocol.swift; sourceTree = "<group>"; };
		9D6616D22A458BDF00B43125 /* TrainingRootCoordinatorProtocol.swift */ = {isa = PBXFileReference; lastKnownFileType = sourcecode.swift; path = TrainingRootCoordinatorProtocol.swift; sourceTree = "<group>"; };
		9D6616D42A458C7F00B43125 /* TrainingVC.swift */ = {isa = PBXFileReference; lastKnownFileType = sourcecode.swift; path = TrainingVC.swift; sourceTree = "<group>"; };
		9D6616D62A458E1A00B43125 /* TrainingVM.swift */ = {isa = PBXFileReference; lastKnownFileType = sourcecode.swift; path = TrainingVM.swift; sourceTree = "<group>"; };
		9D6616D82A458E9100B43125 /* TrainingCoordiantor.swift */ = {isa = PBXFileReference; lastKnownFileType = sourcecode.swift; path = TrainingCoordiantor.swift; sourceTree = "<group>"; };
		9D6616DA2A458F2900B43125 /* TrainingAssembler.swift */ = {isa = PBXFileReference; lastKnownFileType = sourcecode.swift; path = TrainingAssembler.swift; sourceTree = "<group>"; };
		9D6616DE2A45B55800B43125 /* HistoryVMProtocol.swift */ = {isa = PBXFileReference; lastKnownFileType = sourcecode.swift; path = HistoryVMProtocol.swift; sourceTree = "<group>"; };
		9D6616E02A45B56600B43125 /* HistoryCoordinatorProtocol.swift */ = {isa = PBXFileReference; lastKnownFileType = sourcecode.swift; path = HistoryCoordinatorProtocol.swift; sourceTree = "<group>"; };
		9D6616E22A45B57600B43125 /* HistoryRootCoordinatorProtocol.swift */ = {isa = PBXFileReference; lastKnownFileType = sourcecode.swift; path = HistoryRootCoordinatorProtocol.swift; sourceTree = "<group>"; };
		9D6616E42A45B5E300B43125 /* HistoryVC.swift */ = {isa = PBXFileReference; lastKnownFileType = sourcecode.swift; path = HistoryVC.swift; sourceTree = "<group>"; };
		9D6616E62A45B70D00B43125 /* HistoryVM.swift */ = {isa = PBXFileReference; lastKnownFileType = sourcecode.swift; path = HistoryVM.swift; sourceTree = "<group>"; };
		9D6616E82A45B75D00B43125 /* HistoryCoordinator.swift */ = {isa = PBXFileReference; lastKnownFileType = sourcecode.swift; path = HistoryCoordinator.swift; sourceTree = "<group>"; };
		9D6616EA2A45B79000B43125 /* HistoryAssembler.swift */ = {isa = PBXFileReference; lastKnownFileType = sourcecode.swift; path = HistoryAssembler.swift; sourceTree = "<group>"; };
		9D6616F02A45B9A700B43125 /* ProfileVMProtocol.swift */ = {isa = PBXFileReference; lastKnownFileType = sourcecode.swift; path = ProfileVMProtocol.swift; sourceTree = "<group>"; };
		9D6616F22A45B9BB00B43125 /* ProfileCoordinatorProtocol.swift */ = {isa = PBXFileReference; lastKnownFileType = sourcecode.swift; path = ProfileCoordinatorProtocol.swift; sourceTree = "<group>"; };
		9D6616F42A45B9CC00B43125 /* ProfileRootCoordinatorProtocol.swift */ = {isa = PBXFileReference; lastKnownFileType = sourcecode.swift; path = ProfileRootCoordinatorProtocol.swift; sourceTree = "<group>"; };
		9D6616F62A45BA0700B43125 /* ProfileVC.swift */ = {isa = PBXFileReference; lastKnownFileType = sourcecode.swift; path = ProfileVC.swift; sourceTree = "<group>"; };
		9D6616F82A45BA8800B43125 /* ProfileVM.swift */ = {isa = PBXFileReference; lastKnownFileType = sourcecode.swift; path = ProfileVM.swift; sourceTree = "<group>"; };
		9D6616FA2A45BAB700B43125 /* ProfileCoordinator.swift */ = {isa = PBXFileReference; lastKnownFileType = sourcecode.swift; path = ProfileCoordinator.swift; sourceTree = "<group>"; };
		9D6616FC2A45BAFD00B43125 /* ProfileAssembler.swift */ = {isa = PBXFileReference; lastKnownFileType = sourcecode.swift; path = ProfileAssembler.swift; sourceTree = "<group>"; };
		9D6617002A45BC6A00B43125 /* MotivationVMProtocol.swift */ = {isa = PBXFileReference; lastKnownFileType = sourcecode.swift; path = MotivationVMProtocol.swift; sourceTree = "<group>"; };
		9D6617022A45BC8A00B43125 /* MotivationCoordinatorProtocol.swift */ = {isa = PBXFileReference; lastKnownFileType = sourcecode.swift; path = MotivationCoordinatorProtocol.swift; sourceTree = "<group>"; };
		9D6617042A45BCB200B43125 /* MotivationRootCoordinatorProtocol.swift */ = {isa = PBXFileReference; lastKnownFileType = sourcecode.swift; path = MotivationRootCoordinatorProtocol.swift; sourceTree = "<group>"; };
		9D6617062A45BCDD00B43125 /* MotivationVC.swift */ = {isa = PBXFileReference; lastKnownFileType = sourcecode.swift; path = MotivationVC.swift; sourceTree = "<group>"; };
		9D6617082A45BD7700B43125 /* MotivationVM.swift */ = {isa = PBXFileReference; lastKnownFileType = sourcecode.swift; path = MotivationVM.swift; sourceTree = "<group>"; };
		9D66170A2A45BDAA00B43125 /* MotivationCoordinator.swift */ = {isa = PBXFileReference; lastKnownFileType = sourcecode.swift; path = MotivationCoordinator.swift; sourceTree = "<group>"; };
		9D66170C2A45BDF100B43125 /* MotivationAssembler.swift */ = {isa = PBXFileReference; lastKnownFileType = sourcecode.swift; path = MotivationAssembler.swift; sourceTree = "<group>"; };
		9D75E2712A48BA3000628060 /* Container.swift */ = {isa = PBXFileReference; lastKnownFileType = sourcecode.swift; path = Container.swift; sourceTree = "<group>"; };
		9D75E2732A48BA4300628060 /* ServiceConfigurations.swift */ = {isa = PBXFileReference; lastKnownFileType = sourcecode.swift; path = ServiceConfigurations.swift; sourceTree = "<group>"; };
		9D75E2752A48BA9B00628060 /* AuthService.swift */ = {isa = PBXFileReference; lastKnownFileType = sourcecode.swift; path = AuthService.swift; sourceTree = "<group>"; };
		9D75E2772A48BAEF00628060 /* LoginAuthServiceProtocol.swift */ = {isa = PBXFileReference; lastKnownFileType = sourcecode.swift; path = LoginAuthServiceProtocol.swift; sourceTree = "<group>"; };
		9D75E27A2A48C23600628060 /* Montserrat-Regular.ttf */ = {isa = PBXFileReference; lastKnownFileType = file; path = "Montserrat-Regular.ttf"; sourceTree = "<group>"; };
		9D75E27D2A48C25400628060 /* Montserrat-SemiBold.ttf */ = {isa = PBXFileReference; lastKnownFileType = file; path = "Montserrat-SemiBold.ttf"; sourceTree = "<group>"; };
		9D75E2812A48C33500628060 /* UILabel+Extension.swift */ = {isa = PBXFileReference; lastKnownFileType = sourcecode.swift; path = "UILabel+Extension.swift"; sourceTree = "<group>"; };
		9D75E2832A48C38B00628060 /* UIFont+Extension.swift */ = {isa = PBXFileReference; lastKnownFileType = sourcecode.swift; path = "UIFont+Extension.swift"; sourceTree = "<group>"; };
		9D75E2852A48CE4100628060 /* ForgotPasswordAuthServiceProtocol.swift */ = {isa = PBXFileReference; lastKnownFileType = sourcecode.swift; path = ForgotPasswordAuthServiceProtocol.swift; sourceTree = "<group>"; };
		9D75E2872A48CE7200628060 /* RegisterAuthServiceProtocol.swift */ = {isa = PBXFileReference; lastKnownFileType = sourcecode.swift; path = RegisterAuthServiceProtocol.swift; sourceTree = "<group>"; };
		9D75E2892A49898600628060 /* UITextField+Extension.swift */ = {isa = PBXFileReference; lastKnownFileType = sourcecode.swift; path = "UITextField+Extension.swift"; sourceTree = "<group>"; };
		9D75E28B2A499C5300628060 /* UIButton+Extension.swift */ = {isa = PBXFileReference; lastKnownFileType = sourcecode.swift; path = "UIButton+Extension.swift"; sourceTree = "<group>"; };
		9D75E28F2A4B3F8C00628060 /* AlertControllerFactory.swift */ = {isa = PBXFileReference; lastKnownFileType = sourcecode.swift; path = AlertControllerFactory.swift; sourceTree = "<group>"; };
		9D75E2912A4B3FC000628060 /* AlertControllerFactoryProtocol.swift */ = {isa = PBXFileReference; lastKnownFileType = sourcecode.swift; path = AlertControllerFactoryProtocol.swift; sourceTree = "<group>"; };
		9D75E2932A4B44FA00628060 /* RegisterLoginDelegate.swift */ = {isa = PBXFileReference; lastKnownFileType = sourcecode.swift; path = RegisterLoginDelegate.swift; sourceTree = "<group>"; };
		9D75E2952A4B4D0500628060 /* ForgotPasswordLoginDelegate.swift */ = {isa = PBXFileReference; lastKnownFileType = sourcecode.swift; path = ForgotPasswordLoginDelegate.swift; sourceTree = "<group>"; };
		9D75E2A12A4C351000628060 /* GoogleService-Info.plist */ = {isa = PBXFileReference; fileEncoding = 4; lastKnownFileType = text.plist.xml; path = "GoogleService-Info.plist"; sourceTree = "<group>"; };
		9D75E2A32A4CC2DC00628060 /* ViewContext.swift */ = {isa = PBXFileReference; lastKnownFileType = sourcecode.swift; path = ViewContext.swift; sourceTree = "<group>"; };
		9D75E2A52A4D718400628060 /* UserDataService.swift */ = {isa = PBXFileReference; lastKnownFileType = sourcecode.swift; path = UserDataService.swift; sourceTree = "<group>"; };
		9D75E2A72A4D767000628060 /* LoginUserDataServiceProtocol.swift */ = {isa = PBXFileReference; lastKnownFileType = sourcecode.swift; path = LoginUserDataServiceProtocol.swift; sourceTree = "<group>"; };
		9D75E2AA2A4D84A000628060 /* OnBoardingVC.swift */ = {isa = PBXFileReference; fileEncoding = 4; lastKnownFileType = sourcecode.swift; path = OnBoardingVC.swift; sourceTree = "<group>"; };
		9D75E2AB2A4D84A100628060 /* OnBoardingAssembler.swift */ = {isa = PBXFileReference; fileEncoding = 4; lastKnownFileType = sourcecode.swift; path = OnBoardingAssembler.swift; sourceTree = "<group>"; };
		9D75E2AC2A4D84A100628060 /* OnBoardingCoordinator.swift */ = {isa = PBXFileReference; fileEncoding = 4; lastKnownFileType = sourcecode.swift; path = OnBoardingCoordinator.swift; sourceTree = "<group>"; };
		9D75E2AD2A4D84A100628060 /* OnBoardingVM.swift */ = {isa = PBXFileReference; fileEncoding = 4; lastKnownFileType = sourcecode.swift; path = OnBoardingVM.swift; sourceTree = "<group>"; };
		9D75E2B42A4D84D600628060 /* OnBoardingViewModelProtocol.swift */ = {isa = PBXFileReference; fileEncoding = 4; lastKnownFileType = sourcecode.swift; path = OnBoardingViewModelProtocol.swift; sourceTree = "<group>"; };
		9D75E2B52A4D84D600628060 /* OnBoardingRootCoordinatorProtocol.swift */ = {isa = PBXFileReference; fileEncoding = 4; lastKnownFileType = sourcecode.swift; path = OnBoardingRootCoordinatorProtocol.swift; sourceTree = "<group>"; };
		9D75E2B62A4D84D600628060 /* OnBoardingCoordinatorProtocol.swift */ = {isa = PBXFileReference; fileEncoding = 4; lastKnownFileType = sourcecode.swift; path = OnBoardingCoordinatorProtocol.swift; sourceTree = "<group>"; };
		9D75E2B92A4D84D700628060 /* GenderPageList.swift */ = {isa = PBXFileReference; fileEncoding = 4; lastKnownFileType = sourcecode.swift; path = GenderPageList.swift; sourceTree = "<group>"; };
		9D75E2BB2A4D84D700628060 /* PageViewAdapterProtocol.swift */ = {isa = PBXFileReference; fileEncoding = 4; lastKnownFileType = sourcecode.swift; path = PageViewAdapterProtocol.swift; sourceTree = "<group>"; };
		9D75E2BC2A4D84D700628060 /* PageViewAdapter.swift */ = {isa = PBXFileReference; fileEncoding = 4; lastKnownFileType = sourcecode.swift; path = PageViewAdapter.swift; sourceTree = "<group>"; };
		9D75E2C42A4D863100628060 /* OnBoardingPageEnum.swift */ = {isa = PBXFileReference; lastKnownFileType = sourcecode.swift; path = OnBoardingPageEnum.swift; sourceTree = "<group>"; };
		9D75E2C62A4DE18000628060 /* UIView+Extension.swift */ = {isa = PBXFileReference; lastKnownFileType = sourcecode.swift; path = "UIView+Extension.swift"; sourceTree = "<group>"; };
		9D75E2C82A4EB7A200628060 /* PageListsDelegate.swift */ = {isa = PBXFileReference; lastKnownFileType = sourcecode.swift; path = PageListsDelegate.swift; sourceTree = "<group>"; };
		9D75E2CA2A4EBAAD00628060 /* PickerPageList.swift */ = {isa = PBXFileReference; lastKnownFileType = sourcecode.swift; path = PickerPageList.swift; sourceTree = "<group>"; };
		9D75E2CE2A4EBE3A00628060 /* PickerPageVM.swift */ = {isa = PBXFileReference; lastKnownFileType = sourcecode.swift; path = PickerPageVM.swift; sourceTree = "<group>"; };
		9D75E2D02A4EBE4600628060 /* PickerPageAssembler.swift */ = {isa = PBXFileReference; lastKnownFileType = sourcecode.swift; path = PickerPageAssembler.swift; sourceTree = "<group>"; };
		9D75E2D32A4EBE5F00628060 /* PickerVMProtocol.swift */ = {isa = PBXFileReference; lastKnownFileType = sourcecode.swift; path = PickerVMProtocol.swift; sourceTree = "<group>"; };
		9D75E2D72A4EBFDF00628060 /* PickerViewAdapter.swift */ = {isa = PBXFileReference; lastKnownFileType = sourcecode.swift; path = PickerViewAdapter.swift; sourceTree = "<group>"; };
		9D75E2D92A4EBFFC00628060 /* PickerViewAdapterProtocol.swift */ = {isa = PBXFileReference; lastKnownFileType = sourcecode.swift; path = PickerViewAdapterProtocol.swift; sourceTree = "<group>"; };
		9D75E2DD2A4F42F500628060 /* GenderPageVM.swift */ = {isa = PBXFileReference; lastKnownFileType = sourcecode.swift; path = GenderPageVM.swift; sourceTree = "<group>"; };
		9D75E2DF2A4F430300628060 /* GenderPageAssembler.swift */ = {isa = PBXFileReference; lastKnownFileType = sourcecode.swift; path = GenderPageAssembler.swift; sourceTree = "<group>"; };
		9D75E2E22A4F463500628060 /* GenderVMProtocol.swift */ = {isa = PBXFileReference; lastKnownFileType = sourcecode.swift; path = GenderVMProtocol.swift; sourceTree = "<group>"; };
		9D75E2E52A4F550D00628060 /* ImageProfileList.swift */ = {isa = PBXFileReference; lastKnownFileType = sourcecode.swift; path = ImageProfileList.swift; sourceTree = "<group>"; };
		9D75E2E82A4F594000628060 /* ImageProfileVMProtocol.swift */ = {isa = PBXFileReference; lastKnownFileType = sourcecode.swift; path = ImageProfileVMProtocol.swift; sourceTree = "<group>"; };
		9D75E2EA2A4F5A4E00628060 /* ImageProfileVM.swift */ = {isa = PBXFileReference; lastKnownFileType = sourcecode.swift; path = ImageProfileVM.swift; sourceTree = "<group>"; };
		9D75E2ED2A4F5B6600628060 /* ImagePickerAdapter.swift */ = {isa = PBXFileReference; lastKnownFileType = sourcecode.swift; path = ImagePickerAdapter.swift; sourceTree = "<group>"; };
		9D75E2EF2A4F5B7700628060 /* OnBoardingImagePickerAdapterProtocol.swift */ = {isa = PBXFileReference; lastKnownFileType = sourcecode.swift; path = OnBoardingImagePickerAdapterProtocol.swift; sourceTree = "<group>"; };
		9D75E2F12A4F5C9400628060 /* OnBoardingImagePickerAdapterDelegate.swift */ = {isa = PBXFileReference; lastKnownFileType = sourcecode.swift; path = OnBoardingImagePickerAdapterDelegate.swift; sourceTree = "<group>"; };
		9D75E2F32A4F607B00628060 /* ImageProfileVCDelegate.swift */ = {isa = PBXFileReference; lastKnownFileType = sourcecode.swift; path = ImageProfileVCDelegate.swift; sourceTree = "<group>"; };
		9D75E2F52A4F648200628060 /* ImageProfileAssembler.swift */ = {isa = PBXFileReference; lastKnownFileType = sourcecode.swift; path = ImageProfileAssembler.swift; sourceTree = "<group>"; };
		9D75E2F82A50198900628060 /* ProfileModel.swift */ = {isa = PBXFileReference; lastKnownFileType = sourcecode.swift; path = ProfileModel.swift; sourceTree = "<group>"; };
		9D75E2FA2A501D6300628060 /* ImageService.swift */ = {isa = PBXFileReference; lastKnownFileType = sourcecode.swift; path = ImageService.swift; sourceTree = "<group>"; };
		9D75E2FC2A52CC9300628060 /* OnBoardingImageServiceProtocol.swift */ = {isa = PBXFileReference; lastKnownFileType = sourcecode.swift; path = OnBoardingImageServiceProtocol.swift; sourceTree = "<group>"; };
		9D75E2FE2A52D1C700628060 /* OnBoardingUserDataServiceProtocol.swift */ = {isa = PBXFileReference; lastKnownFileType = sourcecode.swift; path = OnBoardingUserDataServiceProtocol.swift; sourceTree = "<group>"; };
		9D75E3012A52E7DB00628060 /* NamePageList.swift */ = {isa = PBXFileReference; lastKnownFileType = sourcecode.swift; path = NamePageList.swift; sourceTree = "<group>"; };
		9D75E3032A52E7E700628060 /* NamePageVM.swift */ = {isa = PBXFileReference; lastKnownFileType = sourcecode.swift; path = NamePageVM.swift; sourceTree = "<group>"; };
		9D75E3052A52E7FA00628060 /* NamePageAssembler.swift */ = {isa = PBXFileReference; lastKnownFileType = sourcecode.swift; path = NamePageAssembler.swift; sourceTree = "<group>"; };
		9D75E3082A52E81C00628060 /* NamePageVMProtocol.swift */ = {isa = PBXFileReference; lastKnownFileType = sourcecode.swift; path = NamePageVMProtocol.swift; sourceTree = "<group>"; };
/* End PBXFileReference section */

/* Begin PBXFrameworksBuildPhase section */
		9D66166A2A406D3C00B43125 /* Frameworks */ = {
			isa = PBXFrameworksBuildPhase;
			buildActionMask = 2147483647;
			files = (
				9D75E2A02A4C32D300628060 /* GoogleSignInSwift in Frameworks */,
				9D5881C82A580280007B42A3 /* HealthKit.framework in Frameworks */,
				9D75E29B2A4B5D8700628060 /* FirebaseAuth in Frameworks */,
				9D75E29E2A4C32D300628060 /* GoogleSignIn in Frameworks */,
			);
			runOnlyForDeploymentPostprocessing = 0;
		};
/* End PBXFrameworksBuildPhase section */

/* Begin PBXGroup section */
		9D5881A92A541F49007B42A3 /* CoreData */ = {
			isa = PBXGroup;
			children = (
				9D5881AE2A54224B007B42A3 /* Profile+CoreDataClass.swift */,
				9D5881AF2A54224C007B42A3 /* Profile+CoreDataProperties.swift */,
				9D5881AA2A541F67007B42A3 /* CoreDataStack.swift */,
			);
			path = CoreData;
			sourceTree = "<group>";
		};
		9D5881C22A574609007B42A3 /* ServiceProtocols */ = {
			isa = PBXGroup;
			children = (
				9D5881B42A545942007B42A3 /* ProfileCoreDataServiceProtocol.swift */,
				9D5881B62A545BDE007B42A3 /* ProfileUserDataServiceProtocol.swift */,
				9D5881B82A5461A6007B42A3 /* ProfileImageServiceProtocol.swift */,
				9D5881BA2A559332007B42A3 /* ProfileAuthServiceProtocol.swift */,
			);
			path = ServiceProtocols;
			sourceTree = "<group>";
		};
		9D5881C62A580280007B42A3 /* Frameworks */ = {
			isa = PBXGroup;
			children = (
				9D5881C72A580280007B42A3 /* HealthKit.framework */,
			);
			name = Frameworks;
			sourceTree = "<group>";
		};
		9D6616642A406D3C00B43125 = {
			isa = PBXGroup;
			children = (
				9D66166F2A406D3C00B43125 /* FitnessApp */,
				9D66166E2A406D3C00B43125 /* Products */,
				9D5881C62A580280007B42A3 /* Frameworks */,
			);
			sourceTree = "<group>";
		};
		9D66166E2A406D3C00B43125 /* Products */ = {
			isa = PBXGroup;
			children = (
				9D66166D2A406D3C00B43125 /* FitnessApp.app */,
			);
			name = Products;
			sourceTree = "<group>";
		};
		9D66166F2A406D3C00B43125 /* FitnessApp */ = {
			isa = PBXGroup;
			children = (
				9D5881C52A580280007B42A3 /* FitnessApp.entitlements */,
				9D6616852A44417000B43125 /* Coordinator.swift */,
				9D75E2A32A4CC2DC00628060 /* ViewContext.swift */,
				9D75E2F72A50196900628060 /* Models */,
				9D6616892A44433F00B43125 /* App */,
				9D75E26F2A48BA0400628060 /* Services */,
				9D75E28D2A4B3F6800628060 /* Factories */,
				9D66168D2A44474800B43125 /* Modules */,
				9D75E2802A48C2EF00628060 /* GlobalExtensions */,
				9D5881A92A541F49007B42A3 /* CoreData */,
				9D75E2792A48C1EB00628060 /* Fonts */,
				9D66168A2A4444CC00B43125 /* GlobalEnums */,
				9D6616792A406D4000B43125 /* Assets.xcassets */,
				9D66167B2A406D4000B43125 /* LaunchScreen.storyboard */,
				9D66167E2A406D4000B43125 /* Info.plist */,
				9D75E2A12A4C351000628060 /* GoogleService-Info.plist */,
				9D5881A62A541E60007B42A3 /* DataModel.xcdatamodeld */,
			);
			path = FitnessApp;
			sourceTree = "<group>";
		};
		9D6616892A44433F00B43125 /* App */ = {
			isa = PBXGroup;
			children = (
				9D6616702A406D3C00B43125 /* AppDelegate.swift */,
				9D6616722A406D3C00B43125 /* SceneDelegate.swift */,
				9D6616872A44420800B43125 /* AppCoordinator.swift */,
			);
			path = App;
			sourceTree = "<group>";
		};
		9D66168A2A4444CC00B43125 /* GlobalEnums */ = {
			isa = PBXGroup;
			children = (
				9D66168B2A4444E500B43125 /* UserDefaultsEnum.swift */,
				9D5881CD2A5852C1007B42A3 /* HKTypeEnum.swift */,
			);
			path = GlobalEnums;
			sourceTree = "<group>";
		};
		9D66168D2A44474800B43125 /* Modules */ = {
			isa = PBXGroup;
			children = (
				9D75E2A92A4D845700628060 /* OnBoarding */,
				9D6616BF2A45830C00B43125 /* MainApp */,
				9D66168E2A44475500B43125 /* Authentification */,
			);
			path = Modules;
			sourceTree = "<group>";
		};
		9D66168E2A44475500B43125 /* Authentification */ = {
			isa = PBXGroup;
			children = (
				9D6616912A44477500B43125 /* ForgotPasswordPage */,
				9D6616902A44476A00B43125 /* RegisterPage */,
				9D66168F2A44476300B43125 /* LoginPage */,
			);
			path = Authentification;
			sourceTree = "<group>";
		};
		9D66168F2A44476300B43125 /* LoginPage */ = {
			isa = PBXGroup;
			children = (
				9D6616922A4447A200B43125 /* Protocols */,
				9D6616932A4447B400B43125 /* LoginVC.swift */,
				9D6616952A4447BF00B43125 /* LoginVM.swift */,
				9D6616972A4447D300B43125 /* LoginCoordinator.swift */,
				9D6616992A4447E100B43125 /* LoginAssembler.swift */,
			);
			path = LoginPage;
			sourceTree = "<group>";
		};
		9D6616902A44476A00B43125 /* RegisterPage */ = {
			isa = PBXGroup;
			children = (
				9D6616A12A444EFA00B43125 /* Protocols */,
				9D6616A82A444FF100B43125 /* RegisterVC.swift */,
				9D6616AA2A444FFB00B43125 /* RegisterVM.swift */,
				9D6616AC2A44500B00B43125 /* RegisterCoordinator.swift */,
				9D6616AE2A44503500B43125 /* RegisterAssembler.swift */,
			);
			path = RegisterPage;
			sourceTree = "<group>";
		};
		9D6616912A44477500B43125 /* ForgotPasswordPage */ = {
			isa = PBXGroup;
			children = (
				9D6616B02A44775000B43125 /* Protocols */,
				9D6616B72A44786B00B43125 /* ForgotPasswordVC.swift */,
				9D6616B92A44794300B43125 /* ForgotPasswordVM.swift */,
				9D6616BB2A447B1100B43125 /* ForgotPasswordCoordinator.swift */,
				9D6616BD2A447B2400B43125 /* ForgotPasswordAssembler.swift */,
			);
			path = ForgotPasswordPage;
			sourceTree = "<group>";
		};
		9D6616922A4447A200B43125 /* Protocols */ = {
			isa = PBXGroup;
			children = (
				9D66169B2A44481B00B43125 /* LoginVMProtocol.swift */,
				9D66169D2A4449B400B43125 /* LoginCoordinatorProtocol.swift */,
				9D66169F2A444B5800B43125 /* LoginRootCoordinatorProtocol.swift */,
				9D75E2772A48BAEF00628060 /* LoginAuthServiceProtocol.swift */,
				9D75E2A72A4D767000628060 /* LoginUserDataServiceProtocol.swift */,
				9D5881BC2A55DFC6007B42A3 /* LoginCoreDataServiceProtocol.swift */,
			);
			path = Protocols;
			sourceTree = "<group>";
		};
		9D6616A12A444EFA00B43125 /* Protocols */ = {
			isa = PBXGroup;
			children = (
				9D6616A22A444F1500B43125 /* RegisterVMProtocol.swift */,
				9D6616A42A444F2800B43125 /* RegisterCoordinatorProtocol.swift */,
				9D6616A62A444F3900B43125 /* RegisterRootCoordinatorProtocol.swift */,
				9D75E2872A48CE7200628060 /* RegisterAuthServiceProtocol.swift */,
				9D75E2932A4B44FA00628060 /* RegisterLoginDelegate.swift */,
			);
			path = Protocols;
			sourceTree = "<group>";
		};
		9D6616B02A44775000B43125 /* Protocols */ = {
			isa = PBXGroup;
			children = (
				9D6616B12A44778A00B43125 /* ForgotPasswordVMProtocol.swift */,
				9D6616B32A4477C900B43125 /* ForgotPasswordCoordinatorProtocol.swift */,
				9D6616B52A44780800B43125 /* ForgotPasswordRootCoordinatorProtocol.swift */,
				9D75E2852A48CE4100628060 /* ForgotPasswordAuthServiceProtocol.swift */,
				9D75E2952A4B4D0500628060 /* ForgotPasswordLoginDelegate.swift */,
			);
			path = Protocols;
			sourceTree = "<group>";
		};
		9D6616BF2A45830C00B43125 /* MainApp */ = {
			isa = PBXGroup;
			children = (
				9D6616FE2A45BC2200B43125 /* MotivationPage */,
				9D6616EE2A45B8B500B43125 /* ProfilePage */,
				9D6616DC2A45B53300B43125 /* HistoryPage */,
				9D6616CC2A458B8900B43125 /* TrainingPage */,
				9D6616C02A45831700B43125 /* TabBarController */,
			);
			path = MainApp;
			sourceTree = "<group>";
		};
		9D6616C02A45831700B43125 /* TabBarController */ = {
			isa = PBXGroup;
			children = (
				9D6616C12A45832B00B43125 /* Protocols */,
				9D6616C62A45836400B43125 /* TabBarController.swift */,
				9D6616C82A45837500B43125 /* TabBarAssembler.swift */,
				9D6616CA2A45838D00B43125 /* TabBarCoordinator.swift */,
			);
			path = TabBarController;
			sourceTree = "<group>";
		};
		9D6616C12A45832B00B43125 /* Protocols */ = {
			isa = PBXGroup;
			children = (
				9D6616C22A45833D00B43125 /* TabBarCoordinatorProtocol.swift */,
				9D6616C42A45834E00B43125 /* TabBarRootCoordinatorProtocol.swift */,
			);
			path = Protocols;
			sourceTree = "<group>";
		};
		9D6616CC2A458B8900B43125 /* TrainingPage */ = {
			isa = PBXGroup;
			children = (
				9D6616CD2A458B9F00B43125 /* Protocols */,
				9D6616D42A458C7F00B43125 /* TrainingVC.swift */,
				9D6616D62A458E1A00B43125 /* TrainingVM.swift */,
				9D6616D82A458E9100B43125 /* TrainingCoordiantor.swift */,
				9D6616DA2A458F2900B43125 /* TrainingAssembler.swift */,
			);
			path = TrainingPage;
			sourceTree = "<group>";
		};
		9D6616CD2A458B9F00B43125 /* Protocols */ = {
			isa = PBXGroup;
			children = (
				9D6616CE2A458BB600B43125 /* TrainingVMProtocol.swift */,
				9D6616D02A458BC900B43125 /* TrainingCoordinatorProtocol.swift */,
				9D6616D22A458BDF00B43125 /* TrainingRootCoordinatorProtocol.swift */,
				9D5881CB2A583E09007B42A3 /* TrainingHealthKitServiceProtocol.swift */,
				9D5881CF2A5963C9007B42A3 /* TrainingVCDelegate.swift */,
			);
			path = Protocols;
			sourceTree = "<group>";
		};
		9D6616DC2A45B53300B43125 /* HistoryPage */ = {
			isa = PBXGroup;
			children = (
				9D6616DD2A45B54200B43125 /* Protocols */,
				9D6616E42A45B5E300B43125 /* HistoryVC.swift */,
				9D6616E62A45B70D00B43125 /* HistoryVM.swift */,
				9D6616E82A45B75D00B43125 /* HistoryCoordinator.swift */,
				9D6616EA2A45B79000B43125 /* HistoryAssembler.swift */,
			);
			path = HistoryPage;
			sourceTree = "<group>";
		};
		9D6616DD2A45B54200B43125 /* Protocols */ = {
			isa = PBXGroup;
			children = (
				9D6616DE2A45B55800B43125 /* HistoryVMProtocol.swift */,
				9D6616E02A45B56600B43125 /* HistoryCoordinatorProtocol.swift */,
				9D6616E22A45B57600B43125 /* HistoryRootCoordinatorProtocol.swift */,
			);
			path = Protocols;
			sourceTree = "<group>";
		};
		9D6616EE2A45B8B500B43125 /* ProfilePage */ = {
			isa = PBXGroup;
			children = (
				9D6616EF2A45B99200B43125 /* Protocols */,
				9D6616F62A45BA0700B43125 /* ProfileVC.swift */,
				9D6616F82A45BA8800B43125 /* ProfileVM.swift */,
				9D6616FA2A45BAB700B43125 /* ProfileCoordinator.swift */,
				9D6616FC2A45BAFD00B43125 /* ProfileAssembler.swift */,
			);
			path = ProfilePage;
			sourceTree = "<group>";
		};
		9D6616EF2A45B99200B43125 /* Protocols */ = {
			isa = PBXGroup;
			children = (
				9D5881C22A574609007B42A3 /* ServiceProtocols */,
				9D6616F02A45B9A700B43125 /* ProfileVMProtocol.swift */,
				9D6616F22A45B9BB00B43125 /* ProfileCoordinatorProtocol.swift */,
				9D6616F42A45B9CC00B43125 /* ProfileRootCoordinatorProtocol.swift */,
				9D5881BE2A5743FA007B42A3 /* ProfileImagePickerAdapterDelegate.swift */,
				9D5881C32A574FA8007B42A3 /* ProfileVCDelegate.swift */,
			);
			path = Protocols;
			sourceTree = "<group>";
		};
		9D6616FE2A45BC2200B43125 /* MotivationPage */ = {
			isa = PBXGroup;
			children = (
				9D6616FF2A45BC5600B43125 /* Protocols */,
				9D6617062A45BCDD00B43125 /* MotivationVC.swift */,
				9D6617082A45BD7700B43125 /* MotivationVM.swift */,
				9D66170A2A45BDAA00B43125 /* MotivationCoordinator.swift */,
				9D66170C2A45BDF100B43125 /* MotivationAssembler.swift */,
			);
			path = MotivationPage;
			sourceTree = "<group>";
		};
		9D6616FF2A45BC5600B43125 /* Protocols */ = {
			isa = PBXGroup;
			children = (
				9D6617002A45BC6A00B43125 /* MotivationVMProtocol.swift */,
				9D6617022A45BC8A00B43125 /* MotivationCoordinatorProtocol.swift */,
				9D6617042A45BCB200B43125 /* MotivationRootCoordinatorProtocol.swift */,
			);
			path = Protocols;
			sourceTree = "<group>";
		};
		9D75E26F2A48BA0400628060 /* Services */ = {
			isa = PBXGroup;
			children = (
				9D75E2702A48BA1400628060 /* DependecyInjection */,
				9D75E2752A48BA9B00628060 /* AuthService.swift */,
				9D75E2A52A4D718400628060 /* UserDataService.swift */,
				9D75E2FA2A501D6300628060 /* ImageService.swift */,
				9D5881AC2A541FFF007B42A3 /* CoreDataService.swift */,
				9D5881C92A5805E8007B42A3 /* HealtKitService.swift */,
			);
			path = Services;
			sourceTree = "<group>";
		};
		9D75E2702A48BA1400628060 /* DependecyInjection */ = {
			isa = PBXGroup;
			children = (
				9D75E2712A48BA3000628060 /* Container.swift */,
				9D75E2732A48BA4300628060 /* ServiceConfigurations.swift */,
			);
			path = DependecyInjection;
			sourceTree = "<group>";
		};
		9D75E2792A48C1EB00628060 /* Fonts */ = {
			isa = PBXGroup;
			children = (
				9D75E27D2A48C25400628060 /* Montserrat-SemiBold.ttf */,
				9D75E27A2A48C23600628060 /* Montserrat-Regular.ttf */,
			);
			path = Fonts;
			sourceTree = "<group>";
		};
		9D75E2802A48C2EF00628060 /* GlobalExtensions */ = {
			isa = PBXGroup;
			children = (
				9D75E2812A48C33500628060 /* UILabel+Extension.swift */,
				9D75E2832A48C38B00628060 /* UIFont+Extension.swift */,
				9D75E2892A49898600628060 /* UITextField+Extension.swift */,
				9D75E28B2A499C5300628060 /* UIButton+Extension.swift */,
				9D75E2C62A4DE18000628060 /* UIView+Extension.swift */,
			);
			path = GlobalExtensions;
			sourceTree = "<group>";
		};
		9D75E28D2A4B3F6800628060 /* Factories */ = {
			isa = PBXGroup;
			children = (
				9D75E28E2A4B3F7A00628060 /* AlertFactory */,
			);
			path = Factories;
			sourceTree = "<group>";
		};
		9D75E28E2A4B3F7A00628060 /* AlertFactory */ = {
			isa = PBXGroup;
			children = (
				9D75E28F2A4B3F8C00628060 /* AlertControllerFactory.swift */,
				9D75E2912A4B3FC000628060 /* AlertControllerFactoryProtocol.swift */,
			);
			path = AlertFactory;
			sourceTree = "<group>";
		};
		9D75E2A92A4D845700628060 /* OnBoarding */ = {
			isa = PBXGroup;
			children = (
				9D75E2C42A4D863100628060 /* OnBoardingPageEnum.swift */,
				9D75E2BA2A4D84D700628060 /* PageViewAdapter */,
				9D75E2D52A4EBFAC00628060 /* Lists */,
				9D75E2B72A4D84D700628060 /* PageViewController */,
			);
			path = OnBoarding;
			sourceTree = "<group>";
		};
		9D75E2B32A4D84D600628060 /* Protocols */ = {
			isa = PBXGroup;
			children = (
				9D75E2B42A4D84D600628060 /* OnBoardingViewModelProtocol.swift */,
				9D75E2B52A4D84D600628060 /* OnBoardingRootCoordinatorProtocol.swift */,
				9D75E2B62A4D84D600628060 /* OnBoardingCoordinatorProtocol.swift */,
				9D75E2FC2A52CC9300628060 /* OnBoardingImageServiceProtocol.swift */,
				9D75E2FE2A52D1C700628060 /* OnBoardingUserDataServiceProtocol.swift */,
				9D5881B22A545727007B42A3 /* OnBoardingCoreDataServiceProtocol.swift */,
			);
			path = Protocols;
			sourceTree = "<group>";
		};
		9D75E2B72A4D84D700628060 /* PageViewController */ = {
			isa = PBXGroup;
			children = (
				9D75E2B32A4D84D600628060 /* Protocols */,
				9D75E2AA2A4D84A000628060 /* OnBoardingVC.swift */,
				9D75E2AD2A4D84A100628060 /* OnBoardingVM.swift */,
				9D75E2AC2A4D84A100628060 /* OnBoardingCoordinator.swift */,
				9D75E2AB2A4D84A100628060 /* OnBoardingAssembler.swift */,
			);
			path = PageViewController;
			sourceTree = "<group>";
		};
		9D75E2BA2A4D84D700628060 /* PageViewAdapter */ = {
			isa = PBXGroup;
			children = (
				9D75E2BB2A4D84D700628060 /* PageViewAdapterProtocol.swift */,
				9D75E2BC2A4D84D700628060 /* PageViewAdapter.swift */,
			);
			path = PageViewAdapter;
			sourceTree = "<group>";
		};
		9D75E2CC2A4EBE1600628060 /* GenderPage */ = {
			isa = PBXGroup;
			children = (
				9D75E2E12A4F462600628060 /* Protocols */,
				9D75E2B92A4D84D700628060 /* GenderPageList.swift */,
				9D75E2DD2A4F42F500628060 /* GenderPageVM.swift */,
				9D75E2DF2A4F430300628060 /* GenderPageAssembler.swift */,
			);
			path = GenderPage;
			sourceTree = "<group>";
		};
		9D75E2CD2A4EBE2100628060 /* PickerPage */ = {
			isa = PBXGroup;
			children = (
				9D75E2D22A4EBE4F00628060 /* Protocols */,
				9D75E2CA2A4EBAAD00628060 /* PickerPageList.swift */,
				9D75E2CE2A4EBE3A00628060 /* PickerPageVM.swift */,
				9D75E2D02A4EBE4600628060 /* PickerPageAssembler.swift */,
			);
			path = PickerPage;
			sourceTree = "<group>";
		};
		9D75E2D22A4EBE4F00628060 /* Protocols */ = {
			isa = PBXGroup;
			children = (
				9D75E2D32A4EBE5F00628060 /* PickerVMProtocol.swift */,
			);
			path = Protocols;
			sourceTree = "<group>";
		};
		9D75E2D52A4EBFAC00628060 /* Lists */ = {
			isa = PBXGroup;
			children = (
				9D75E2C82A4EB7A200628060 /* PageListsDelegate.swift */,
				9D75E3002A52E7B800628060 /* NamePage */,
				9D75E2D62A4EBFC000628060 /* PickerViewAdapter */,
				9D75E2E42A4F543B00628060 /* ImageProfilePage */,
				9D75E2CD2A4EBE2100628060 /* PickerPage */,
				9D75E2CC2A4EBE1600628060 /* GenderPage */,
			);
			path = Lists;
			sourceTree = "<group>";
		};
		9D75E2D62A4EBFC000628060 /* PickerViewAdapter */ = {
			isa = PBXGroup;
			children = (
				9D75E2D72A4EBFDF00628060 /* PickerViewAdapter.swift */,
				9D75E2D92A4EBFFC00628060 /* PickerViewAdapterProtocol.swift */,
			);
			path = PickerViewAdapter;
			sourceTree = "<group>";
		};
		9D75E2E12A4F462600628060 /* Protocols */ = {
			isa = PBXGroup;
			children = (
				9D75E2E22A4F463500628060 /* GenderVMProtocol.swift */,
			);
			path = Protocols;
			sourceTree = "<group>";
		};
		9D75E2E42A4F543B00628060 /* ImageProfilePage */ = {
			isa = PBXGroup;
			children = (
				9D75E2EC2A4F5B4E00628060 /* ImagePickerAdapter */,
				9D75E2E72A4F591900628060 /* Protocols */,
				9D75E2E52A4F550D00628060 /* ImageProfileList.swift */,
				9D75E2EA2A4F5A4E00628060 /* ImageProfileVM.swift */,
				9D75E2F52A4F648200628060 /* ImageProfileAssembler.swift */,
			);
			path = ImageProfilePage;
			sourceTree = "<group>";
		};
		9D75E2E72A4F591900628060 /* Protocols */ = {
			isa = PBXGroup;
			children = (
				9D75E2E82A4F594000628060 /* ImageProfileVMProtocol.swift */,
				9D75E2F12A4F5C9400628060 /* OnBoardingImagePickerAdapterDelegate.swift */,
				9D75E2F32A4F607B00628060 /* ImageProfileVCDelegate.swift */,
			);
			path = Protocols;
			sourceTree = "<group>";
		};
		9D75E2EC2A4F5B4E00628060 /* ImagePickerAdapter */ = {
			isa = PBXGroup;
			children = (
				9D75E2ED2A4F5B6600628060 /* ImagePickerAdapter.swift */,
				9D75E2EF2A4F5B7700628060 /* OnBoardingImagePickerAdapterProtocol.swift */,
				9D5881C02A5744EC007B42A3 /* ProfileImagePickerAdapterProtocol.swift */,
			);
			path = ImagePickerAdapter;
			sourceTree = "<group>";
		};
		9D75E2F72A50196900628060 /* Models */ = {
			isa = PBXGroup;
			children = (
				9D75E2F82A50198900628060 /* ProfileModel.swift */,
			);
			path = Models;
			sourceTree = "<group>";
		};
		9D75E3002A52E7B800628060 /* NamePage */ = {
			isa = PBXGroup;
			children = (
				9D75E3072A52E7FE00628060 /* Protocols */,
				9D75E3012A52E7DB00628060 /* NamePageList.swift */,
				9D75E3032A52E7E700628060 /* NamePageVM.swift */,
				9D75E3052A52E7FA00628060 /* NamePageAssembler.swift */,
			);
			path = NamePage;
			sourceTree = "<group>";
		};
		9D75E3072A52E7FE00628060 /* Protocols */ = {
			isa = PBXGroup;
			children = (
				9D75E3082A52E81C00628060 /* NamePageVMProtocol.swift */,
			);
			path = Protocols;
			sourceTree = "<group>";
		};
/* End PBXGroup section */

/* Begin PBXNativeTarget section */
		9D66166C2A406D3C00B43125 /* FitnessApp */ = {
			isa = PBXNativeTarget;
			buildConfigurationList = 9D6616812A406D4000B43125 /* Build configuration list for PBXNativeTarget "FitnessApp" */;
			buildPhases = (
				9D6616692A406D3C00B43125 /* Sources */,
				9D66166A2A406D3C00B43125 /* Frameworks */,
				9D66166B2A406D3C00B43125 /* Resources */,
			);
			buildRules = (
			);
			dependencies = (
			);
			name = FitnessApp;
			packageProductDependencies = (
				9D75E29A2A4B5D8700628060 /* FirebaseAuth */,
				9D75E29D2A4C32D300628060 /* GoogleSignIn */,
				9D75E29F2A4C32D300628060 /* GoogleSignInSwift */,
			);
			productName = FitnessApp;
			productReference = 9D66166D2A406D3C00B43125 /* FitnessApp.app */;
			productType = "com.apple.product-type.application";
		};
/* End PBXNativeTarget section */

/* Begin PBXProject section */
		9D6616652A406D3C00B43125 /* Project object */ = {
			isa = PBXProject;
			attributes = {
				BuildIndependentTargetsInParallel = 1;
				LastSwiftUpdateCheck = 1300;
				LastUpgradeCheck = 1300;
				TargetAttributes = {
					9D66166C2A406D3C00B43125 = {
						CreatedOnToolsVersion = 13.0;
					};
				};
			};
			buildConfigurationList = 9D6616682A406D3C00B43125 /* Build configuration list for PBXProject "FitnessApp" */;
			compatibilityVersion = "Xcode 13.0";
			developmentRegion = en;
			hasScannedForEncodings = 0;
			knownRegions = (
				en,
				Base,
			);
			mainGroup = 9D6616642A406D3C00B43125;
			packageReferences = (
				9D75E2992A4B5D8700628060 /* XCRemoteSwiftPackageReference "firebase-ios-sdk" */,
				9D75E29C2A4C32D300628060 /* XCRemoteSwiftPackageReference "GoogleSignIn-iOS" */,
			);
			productRefGroup = 9D66166E2A406D3C00B43125 /* Products */;
			projectDirPath = "";
			projectRoot = "";
			targets = (
				9D66166C2A406D3C00B43125 /* FitnessApp */,
			);
		};
/* End PBXProject section */

/* Begin PBXResourcesBuildPhase section */
		9D66166B2A406D3C00B43125 /* Resources */ = {
			isa = PBXResourcesBuildPhase;
			buildActionMask = 2147483647;
			files = (
				9D75E27F2A48C25400628060 /* Montserrat-SemiBold.ttf in Resources */,
				9D75E27B2A48C23600628060 /* Montserrat-Regular.ttf in Resources */,
				9D75E2A22A4C351000628060 /* GoogleService-Info.plist in Resources */,
				9D66167D2A406D4000B43125 /* LaunchScreen.storyboard in Resources */,
				9D66167A2A406D4000B43125 /* Assets.xcassets in Resources */,
			);
			runOnlyForDeploymentPostprocessing = 0;
		};
/* End PBXResourcesBuildPhase section */

/* Begin PBXSourcesBuildPhase section */
		9D6616692A406D3C00B43125 /* Sources */ = {
			isa = PBXSourcesBuildPhase;
			buildActionMask = 2147483647;
			files = (
				9D6616A72A444F3900B43125 /* RegisterRootCoordinatorProtocol.swift in Sources */,
				9D75E2762A48BA9B00628060 /* AuthService.swift in Sources */,
				9D75E2DE2A4F42F500628060 /* GenderPageVM.swift in Sources */,
				9D6616F32A45B9BB00B43125 /* ProfileCoordinatorProtocol.swift in Sources */,
				9D6617032A45BC8A00B43125 /* MotivationCoordinatorProtocol.swift in Sources */,
				9D75E2CB2A4EBAAD00628060 /* PickerPageList.swift in Sources */,
				9D6616EB2A45B79000B43125 /* HistoryAssembler.swift in Sources */,
				9D6616A02A444B5800B43125 /* LoginRootCoordinatorProtocol.swift in Sources */,
				9D75E2C72A4DE18100628060 /* UIView+Extension.swift in Sources */,
				9D6616FB2A45BAB700B43125 /* ProfileCoordinator.swift in Sources */,
				9D6616B22A44778A00B43125 /* ForgotPasswordVMProtocol.swift in Sources */,
				9D75E2F92A50198900628060 /* ProfileModel.swift in Sources */,
				9D75E2882A48CE7200628060 /* RegisterAuthServiceProtocol.swift in Sources */,
				9D6616CF2A458BB600B43125 /* TrainingVMProtocol.swift in Sources */,
				9D6616962A4447BF00B43125 /* LoginVM.swift in Sources */,
				9D75E2902A4B3F8C00628060 /* AlertControllerFactory.swift in Sources */,
				9D6616C92A45837500B43125 /* TabBarAssembler.swift in Sources */,
				9D6616882A44420800B43125 /* AppCoordinator.swift in Sources */,
				9D75E2F42A4F607B00628060 /* ImageProfileVCDelegate.swift in Sources */,
				9D75E2942A4B44FA00628060 /* RegisterLoginDelegate.swift in Sources */,
				9D6616F72A45BA0800B43125 /* ProfileVC.swift in Sources */,
				9D75E2F62A4F648200628060 /* ImageProfileAssembler.swift in Sources */,
				9D6616F92A45BA8800B43125 /* ProfileVM.swift in Sources */,
				9D5881CA2A5805E8007B42A3 /* HealtKitService.swift in Sources */,
				9D75E2C32A4D84D700628060 /* PageViewAdapter.swift in Sources */,
				9D6616E52A45B5E300B43125 /* HistoryVC.swift in Sources */,
				9D6616D52A458C7F00B43125 /* TrainingVC.swift in Sources */,
				9D75E2B12A4D84A100628060 /* OnBoardingVM.swift in Sources */,
				9D75E3062A52E7FA00628060 /* NamePageAssembler.swift in Sources */,
				9D6616F12A45B9A700B43125 /* ProfileVMProtocol.swift in Sources */,
				9D5881B02A54224C007B42A3 /* Profile+CoreDataClass.swift in Sources */,
				9D75E3042A52E7E700628060 /* NamePageVM.swift in Sources */,
				9D6616B42A4477C900B43125 /* ForgotPasswordCoordinatorProtocol.swift in Sources */,
				9D75E2FB2A501D6300628060 /* ImageService.swift in Sources */,
				9D6616B82A44786B00B43125 /* ForgotPasswordVC.swift in Sources */,
				9D75E2862A48CE4100628060 /* ForgotPasswordAuthServiceProtocol.swift in Sources */,
				9D6616E72A45B70D00B43125 /* HistoryVM.swift in Sources */,
				9D66169C2A44481B00B43125 /* LoginVMProtocol.swift in Sources */,
				9D6616A32A444F1500B43125 /* RegisterVMProtocol.swift in Sources */,
				9D6616712A406D3C00B43125 /* AppDelegate.swift in Sources */,
				9D75E2F02A4F5B7700628060 /* OnBoardingImagePickerAdapterProtocol.swift in Sources */,
				9D75E2842A48C38B00628060 /* UIFont+Extension.swift in Sources */,
				9D6616CB2A45838D00B43125 /* TabBarCoordinator.swift in Sources */,
				9D5881BB2A559332007B42A3 /* ProfileAuthServiceProtocol.swift in Sources */,
				9D5881B92A5461A6007B42A3 /* ProfileImageServiceProtocol.swift in Sources */,
				9D75E2822A48C33500628060 /* UILabel+Extension.swift in Sources */,
				9D6616E12A45B56600B43125 /* HistoryCoordinatorProtocol.swift in Sources */,
				9D6616942A4447B400B43125 /* LoginVC.swift in Sources */,
				9D75E2A42A4CC2DC00628060 /* ViewContext.swift in Sources */,
				9D6616A52A444F2800B43125 /* RegisterCoordinatorProtocol.swift in Sources */,
				9D6616BE2A447B2400B43125 /* ForgotPasswordAssembler.swift in Sources */,
				9D75E2E92A4F594000628060 /* ImageProfileVMProtocol.swift in Sources */,
				9D66170D2A45BDF100B43125 /* MotivationAssembler.swift in Sources */,
				9D75E2E62A4F550D00628060 /* ImageProfileList.swift in Sources */,
				9D75E3022A52E7DB00628060 /* NamePageList.swift in Sources */,
				9D75E2D42A4EBE5F00628060 /* PickerVMProtocol.swift in Sources */,
				9D75E28A2A49898600628060 /* UITextField+Extension.swift in Sources */,
				9D75E2E02A4F430300628060 /* GenderPageAssembler.swift in Sources */,
				9D6617092A45BD7700B43125 /* MotivationVM.swift in Sources */,
				9D75E2EE2A4F5B6600628060 /* ImagePickerAdapter.swift in Sources */,
				9D75E2E32A4F463500628060 /* GenderVMProtocol.swift in Sources */,
				9D75E2C22A4D84D700628060 /* PageViewAdapterProtocol.swift in Sources */,
				9D75E2A82A4D767000628060 /* LoginUserDataServiceProtocol.swift in Sources */,
				9D5881BD2A55DFC6007B42A3 /* LoginCoreDataServiceProtocol.swift in Sources */,
				9D6616D92A458E9100B43125 /* TrainingCoordiantor.swift in Sources */,
				9D5881CE2A5852C2007B42A3 /* HKTypeEnum.swift in Sources */,
				9D6616E92A45B75D00B43125 /* HistoryCoordinator.swift in Sources */,
				9D75E2C92A4EB7A300628060 /* PageListsDelegate.swift in Sources */,
				9D5881BF2A5743FA007B42A3 /* ProfileImagePickerAdapterDelegate.swift in Sources */,
				9D6616B62A44780800B43125 /* ForgotPasswordRootCoordinatorProtocol.swift in Sources */,
				9D6616AF2A44503500B43125 /* RegisterAssembler.swift in Sources */,
				9D6616732A406D3C00B43125 /* SceneDelegate.swift in Sources */,
				9D5881C12A5744EC007B42A3 /* ProfileImagePickerAdapterProtocol.swift in Sources */,
				9D75E2782A48BAEF00628060 /* LoginAuthServiceProtocol.swift in Sources */,
				9D6617072A45BCDD00B43125 /* MotivationVC.swift in Sources */,
				9D5881D02A5963C9007B42A3 /* TrainingVCDelegate.swift in Sources */,
				9D6616BC2A447B1100B43125 /* ForgotPasswordCoordinator.swift in Sources */,
				9D75E2F22A4F5C9400628060 /* OnBoardingImagePickerAdapterDelegate.swift in Sources */,
				9D75E2962A4B4D0500628060 /* ForgotPasswordLoginDelegate.swift in Sources */,
				9D6616A92A444FF100B43125 /* RegisterVC.swift in Sources */,
				9D5881B72A545BDE007B42A3 /* ProfileUserDataServiceProtocol.swift in Sources */,
				9D75E28C2A499C5300628060 /* UIButton+Extension.swift in Sources */,
				9D5881B52A545942007B42A3 /* ProfileCoreDataServiceProtocol.swift in Sources */,
				9D75E2EB2A4F5A4E00628060 /* ImageProfileVM.swift in Sources */,
				9D75E2C12A4D84D700628060 /* GenderPageList.swift in Sources */,
				9D75E2722A48BA3000628060 /* Container.swift in Sources */,
				9D6616BA2A44794300B43125 /* ForgotPasswordVM.swift in Sources */,
				9D6616DF2A45B55800B43125 /* HistoryVMProtocol.swift in Sources */,
				9D75E2DA2A4EBFFC00628060 /* PickerViewAdapterProtocol.swift in Sources */,
				9D75E2FF2A52D1C700628060 /* OnBoardingUserDataServiceProtocol.swift in Sources */,
				9D5881AD2A541FFF007B42A3 /* CoreDataService.swift in Sources */,
				9D6616AD2A44500C00B43125 /* RegisterCoordinator.swift in Sources */,
				9D75E2FD2A52CC9300628060 /* OnBoardingImageServiceProtocol.swift in Sources */,
				9D66169A2A4447E100B43125 /* LoginAssembler.swift in Sources */,
				9D6616DB2A458F2900B43125 /* TrainingAssembler.swift in Sources */,
				9D75E2BE2A4D84D700628060 /* OnBoardingRootCoordinatorProtocol.swift in Sources */,
				9D75E2B02A4D84A100628060 /* OnBoardingCoordinator.swift in Sources */,
				9D6617052A45BCB200B43125 /* MotivationRootCoordinatorProtocol.swift in Sources */,
				9D75E2BD2A4D84D700628060 /* OnBoardingViewModelProtocol.swift in Sources */,
				9D6616862A44417000B43125 /* Coordinator.swift in Sources */,
				9D75E2922A4B3FC000628060 /* AlertControllerFactoryProtocol.swift in Sources */,
				9D5881B32A545727007B42A3 /* OnBoardingCoreDataServiceProtocol.swift in Sources */,
				9D6617012A45BC6A00B43125 /* MotivationVMProtocol.swift in Sources */,
				9D6616D72A458E1A00B43125 /* TrainingVM.swift in Sources */,
				9D6616FD2A45BAFD00B43125 /* ProfileAssembler.swift in Sources */,
				9D6616C32A45833D00B43125 /* TabBarCoordinatorProtocol.swift in Sources */,
				9D6616C72A45836400B43125 /* TabBarController.swift in Sources */,
				9D75E2AE2A4D84A100628060 /* OnBoardingVC.swift in Sources */,
				9D75E2BF2A4D84D700628060 /* OnBoardingCoordinatorProtocol.swift in Sources */,
				9D75E2742A48BA4300628060 /* ServiceConfigurations.swift in Sources */,
				9D6616982A4447D300B43125 /* LoginCoordinator.swift in Sources */,
				9D6616C52A45834E00B43125 /* TabBarRootCoordinatorProtocol.swift in Sources */,
				9D75E2D82A4EBFDF00628060 /* PickerViewAdapter.swift in Sources */,
				9D75E2CF2A4EBE3A00628060 /* PickerPageVM.swift in Sources */,
				9D5881A82A541E60007B42A3 /* DataModel.xcdatamodeld in Sources */,
				9D75E2C52A4D863100628060 /* OnBoardingPageEnum.swift in Sources */,
				9D5881CC2A583E09007B42A3 /* TrainingHealthKitServiceProtocol.swift in Sources */,
				9D75E2A62A4D718500628060 /* UserDataService.swift in Sources */,
				9D6616D12A458BC900B43125 /* TrainingCoordinatorProtocol.swift in Sources */,
				9D6616F52A45B9CC00B43125 /* ProfileRootCoordinatorProtocol.swift in Sources */,
				9D75E2D12A4EBE4600628060 /* PickerPageAssembler.swift in Sources */,
				9D75E3092A52E81C00628060 /* NamePageVMProtocol.swift in Sources */,
				9D5881B12A54224C007B42A3 /* Profile+CoreDataProperties.swift in Sources */,
				9D5881C42A574FA8007B42A3 /* ProfileVCDelegate.swift in Sources */,
				9D66170B2A45BDAA00B43125 /* MotivationCoordinator.swift in Sources */,
				9D66169E2A4449B400B43125 /* LoginCoordinatorProtocol.swift in Sources */,
				9D66168C2A4444E500B43125 /* UserDefaultsEnum.swift in Sources */,
				9D6616E32A45B57600B43125 /* HistoryRootCoordinatorProtocol.swift in Sources */,
				9D6616AB2A444FFB00B43125 /* RegisterVM.swift in Sources */,
				9D6616D32A458BDF00B43125 /* TrainingRootCoordinatorProtocol.swift in Sources */,
				9D75E2AF2A4D84A100628060 /* OnBoardingAssembler.swift in Sources */,
				9D5881AB2A541F67007B42A3 /* CoreDataStack.swift in Sources */,
			);
			runOnlyForDeploymentPostprocessing = 0;
		};
/* End PBXSourcesBuildPhase section */

/* Begin PBXVariantGroup section */
		9D66167B2A406D4000B43125 /* LaunchScreen.storyboard */ = {
			isa = PBXVariantGroup;
			children = (
				9D66167C2A406D4000B43125 /* Base */,
			);
			name = LaunchScreen.storyboard;
			sourceTree = "<group>";
		};
/* End PBXVariantGroup section */

/* Begin XCBuildConfiguration section */
		9D66167F2A406D4000B43125 /* Debug */ = {
			isa = XCBuildConfiguration;
			buildSettings = {
				ALWAYS_SEARCH_USER_PATHS = NO;
				CLANG_ANALYZER_NONNULL = YES;
				CLANG_ANALYZER_NUMBER_OBJECT_CONVERSION = YES_AGGRESSIVE;
				CLANG_CXX_LANGUAGE_STANDARD = "gnu++17";
				CLANG_CXX_LIBRARY = "libc++";
				CLANG_ENABLE_MODULES = YES;
				CLANG_ENABLE_OBJC_ARC = YES;
				CLANG_ENABLE_OBJC_WEAK = YES;
				CLANG_WARN_BLOCK_CAPTURE_AUTORELEASING = YES;
				CLANG_WARN_BOOL_CONVERSION = YES;
				CLANG_WARN_COMMA = YES;
				CLANG_WARN_CONSTANT_CONVERSION = YES;
				CLANG_WARN_DEPRECATED_OBJC_IMPLEMENTATIONS = YES;
				CLANG_WARN_DIRECT_OBJC_ISA_USAGE = YES_ERROR;
				CLANG_WARN_DOCUMENTATION_COMMENTS = YES;
				CLANG_WARN_EMPTY_BODY = YES;
				CLANG_WARN_ENUM_CONVERSION = YES;
				CLANG_WARN_INFINITE_RECURSION = YES;
				CLANG_WARN_INT_CONVERSION = YES;
				CLANG_WARN_NON_LITERAL_NULL_CONVERSION = YES;
				CLANG_WARN_OBJC_IMPLICIT_RETAIN_SELF = YES;
				CLANG_WARN_OBJC_LITERAL_CONVERSION = YES;
				CLANG_WARN_OBJC_ROOT_CLASS = YES_ERROR;
				CLANG_WARN_QUOTED_INCLUDE_IN_FRAMEWORK_HEADER = YES;
				CLANG_WARN_RANGE_LOOP_ANALYSIS = YES;
				CLANG_WARN_STRICT_PROTOTYPES = YES;
				CLANG_WARN_SUSPICIOUS_MOVE = YES;
				CLANG_WARN_UNGUARDED_AVAILABILITY = YES_AGGRESSIVE;
				CLANG_WARN_UNREACHABLE_CODE = YES;
				CLANG_WARN__DUPLICATE_METHOD_MATCH = YES;
				COPY_PHASE_STRIP = NO;
				DEBUG_INFORMATION_FORMAT = dwarf;
				ENABLE_STRICT_OBJC_MSGSEND = YES;
				ENABLE_TESTABILITY = YES;
				GCC_C_LANGUAGE_STANDARD = gnu11;
				GCC_DYNAMIC_NO_PIC = NO;
				GCC_NO_COMMON_BLOCKS = YES;
				GCC_OPTIMIZATION_LEVEL = 0;
				GCC_PREPROCESSOR_DEFINITIONS = (
					"DEBUG=1",
					"$(inherited)",
				);
				GCC_WARN_64_TO_32_BIT_CONVERSION = YES;
				GCC_WARN_ABOUT_RETURN_TYPE = YES_ERROR;
				GCC_WARN_UNDECLARED_SELECTOR = YES;
				GCC_WARN_UNINITIALIZED_AUTOS = YES_AGGRESSIVE;
				GCC_WARN_UNUSED_FUNCTION = YES;
				GCC_WARN_UNUSED_VARIABLE = YES;
				IPHONEOS_DEPLOYMENT_TARGET = 15.0;
				MTL_ENABLE_DEBUG_INFO = INCLUDE_SOURCE;
				MTL_FAST_MATH = YES;
				ONLY_ACTIVE_ARCH = YES;
				SDKROOT = iphoneos;
				SWIFT_ACTIVE_COMPILATION_CONDITIONS = DEBUG;
				SWIFT_OPTIMIZATION_LEVEL = "-Onone";
			};
			name = Debug;
		};
		9D6616802A406D4000B43125 /* Release */ = {
			isa = XCBuildConfiguration;
			buildSettings = {
				ALWAYS_SEARCH_USER_PATHS = NO;
				CLANG_ANALYZER_NONNULL = YES;
				CLANG_ANALYZER_NUMBER_OBJECT_CONVERSION = YES_AGGRESSIVE;
				CLANG_CXX_LANGUAGE_STANDARD = "gnu++17";
				CLANG_CXX_LIBRARY = "libc++";
				CLANG_ENABLE_MODULES = YES;
				CLANG_ENABLE_OBJC_ARC = YES;
				CLANG_ENABLE_OBJC_WEAK = YES;
				CLANG_WARN_BLOCK_CAPTURE_AUTORELEASING = YES;
				CLANG_WARN_BOOL_CONVERSION = YES;
				CLANG_WARN_COMMA = YES;
				CLANG_WARN_CONSTANT_CONVERSION = YES;
				CLANG_WARN_DEPRECATED_OBJC_IMPLEMENTATIONS = YES;
				CLANG_WARN_DIRECT_OBJC_ISA_USAGE = YES_ERROR;
				CLANG_WARN_DOCUMENTATION_COMMENTS = YES;
				CLANG_WARN_EMPTY_BODY = YES;
				CLANG_WARN_ENUM_CONVERSION = YES;
				CLANG_WARN_INFINITE_RECURSION = YES;
				CLANG_WARN_INT_CONVERSION = YES;
				CLANG_WARN_NON_LITERAL_NULL_CONVERSION = YES;
				CLANG_WARN_OBJC_IMPLICIT_RETAIN_SELF = YES;
				CLANG_WARN_OBJC_LITERAL_CONVERSION = YES;
				CLANG_WARN_OBJC_ROOT_CLASS = YES_ERROR;
				CLANG_WARN_QUOTED_INCLUDE_IN_FRAMEWORK_HEADER = YES;
				CLANG_WARN_RANGE_LOOP_ANALYSIS = YES;
				CLANG_WARN_STRICT_PROTOTYPES = YES;
				CLANG_WARN_SUSPICIOUS_MOVE = YES;
				CLANG_WARN_UNGUARDED_AVAILABILITY = YES_AGGRESSIVE;
				CLANG_WARN_UNREACHABLE_CODE = YES;
				CLANG_WARN__DUPLICATE_METHOD_MATCH = YES;
				COPY_PHASE_STRIP = NO;
				DEBUG_INFORMATION_FORMAT = "dwarf-with-dsym";
				ENABLE_NS_ASSERTIONS = NO;
				ENABLE_STRICT_OBJC_MSGSEND = YES;
				GCC_C_LANGUAGE_STANDARD = gnu11;
				GCC_NO_COMMON_BLOCKS = YES;
				GCC_WARN_64_TO_32_BIT_CONVERSION = YES;
				GCC_WARN_ABOUT_RETURN_TYPE = YES_ERROR;
				GCC_WARN_UNDECLARED_SELECTOR = YES;
				GCC_WARN_UNINITIALIZED_AUTOS = YES_AGGRESSIVE;
				GCC_WARN_UNUSED_FUNCTION = YES;
				GCC_WARN_UNUSED_VARIABLE = YES;
				IPHONEOS_DEPLOYMENT_TARGET = 15.0;
				MTL_ENABLE_DEBUG_INFO = NO;
				MTL_FAST_MATH = YES;
				SDKROOT = iphoneos;
				SWIFT_COMPILATION_MODE = wholemodule;
				SWIFT_OPTIMIZATION_LEVEL = "-O";
				VALIDATE_PRODUCT = YES;
			};
			name = Release;
		};
		9D6616822A406D4000B43125 /* Debug */ = {
			isa = XCBuildConfiguration;
			buildSettings = {
				ASSETCATALOG_COMPILER_APPICON_NAME = AppIcon;
				ASSETCATALOG_COMPILER_GLOBAL_ACCENT_COLOR_NAME = AccentColor;
				CODE_SIGN_ENTITLEMENTS = FitnessApp/FitnessApp.entitlements;
				CODE_SIGN_STYLE = Automatic;
				CURRENT_PROJECT_VERSION = 1;
				DEVELOPMENT_TEAM = 5H3Y5WAVX4;
				GENERATE_INFOPLIST_FILE = YES;
				INFOPLIST_FILE = FitnessApp/Info.plist;
				INFOPLIST_KEY_UIApplicationSupportsIndirectInputEvents = YES;
				INFOPLIST_KEY_UILaunchStoryboardName = LaunchScreen;
				INFOPLIST_KEY_UISupportedInterfaceOrientations_iPad = "UIInterfaceOrientationPortrait UIInterfaceOrientationPortraitUpsideDown UIInterfaceOrientationLandscapeLeft UIInterfaceOrientationLandscapeRight";
				INFOPLIST_KEY_UISupportedInterfaceOrientations_iPhone = "UIInterfaceOrientationPortrait UIInterfaceOrientationLandscapeLeft UIInterfaceOrientationLandscapeRight";
				LD_RUNPATH_SEARCH_PATHS = (
					"$(inherited)",
					"@executable_path/Frameworks",
				);
				MARKETING_VERSION = 1.0;
				PRODUCT_BUNDLE_IDENTIFIER = lesson.FitnessApp;
				PRODUCT_NAME = "$(TARGET_NAME)";
				SWIFT_EMIT_LOC_STRINGS = YES;
				SWIFT_VERSION = 5.0;
				TARGETED_DEVICE_FAMILY = "1,2";
			};
			name = Debug;
		};
		9D6616832A406D4000B43125 /* Release */ = {
			isa = XCBuildConfiguration;
			buildSettings = {
				ASSETCATALOG_COMPILER_APPICON_NAME = AppIcon;
				ASSETCATALOG_COMPILER_GLOBAL_ACCENT_COLOR_NAME = AccentColor;
				CODE_SIGN_ENTITLEMENTS = FitnessApp/FitnessApp.entitlements;
				CODE_SIGN_STYLE = Automatic;
				CURRENT_PROJECT_VERSION = 1;
				DEVELOPMENT_TEAM = 5H3Y5WAVX4;
				GENERATE_INFOPLIST_FILE = YES;
				INFOPLIST_FILE = FitnessApp/Info.plist;
				INFOPLIST_KEY_UIApplicationSupportsIndirectInputEvents = YES;
				INFOPLIST_KEY_UILaunchStoryboardName = LaunchScreen;
				INFOPLIST_KEY_UISupportedInterfaceOrientations_iPad = "UIInterfaceOrientationPortrait UIInterfaceOrientationPortraitUpsideDown UIInterfaceOrientationLandscapeLeft UIInterfaceOrientationLandscapeRight";
				INFOPLIST_KEY_UISupportedInterfaceOrientations_iPhone = "UIInterfaceOrientationPortrait UIInterfaceOrientationLandscapeLeft UIInterfaceOrientationLandscapeRight";
				LD_RUNPATH_SEARCH_PATHS = (
					"$(inherited)",
					"@executable_path/Frameworks",
				);
				MARKETING_VERSION = 1.0;
				PRODUCT_BUNDLE_IDENTIFIER = lesson.FitnessApp;
				PRODUCT_NAME = "$(TARGET_NAME)";
				SWIFT_EMIT_LOC_STRINGS = YES;
				SWIFT_VERSION = 5.0;
				TARGETED_DEVICE_FAMILY = "1,2";
			};
			name = Release;
		};
/* End XCBuildConfiguration section */

/* Begin XCConfigurationList section */
		9D6616682A406D3C00B43125 /* Build configuration list for PBXProject "FitnessApp" */ = {
			isa = XCConfigurationList;
			buildConfigurations = (
				9D66167F2A406D4000B43125 /* Debug */,
				9D6616802A406D4000B43125 /* Release */,
			);
			defaultConfigurationIsVisible = 0;
			defaultConfigurationName = Release;
		};
		9D6616812A406D4000B43125 /* Build configuration list for PBXNativeTarget "FitnessApp" */ = {
			isa = XCConfigurationList;
			buildConfigurations = (
				9D6616822A406D4000B43125 /* Debug */,
				9D6616832A406D4000B43125 /* Release */,
			);
			defaultConfigurationIsVisible = 0;
			defaultConfigurationName = Release;
		};
/* End XCConfigurationList section */

/* Begin XCRemoteSwiftPackageReference section */
		9D75E2992A4B5D8700628060 /* XCRemoteSwiftPackageReference "firebase-ios-sdk" */ = {
			isa = XCRemoteSwiftPackageReference;
			repositoryURL = "https://github.com/firebase/firebase-ios-sdk";
			requirement = {
				kind = upToNextMajorVersion;
				minimumVersion = 8.0.0;
			};
		};
		9D75E29C2A4C32D300628060 /* XCRemoteSwiftPackageReference "GoogleSignIn-iOS" */ = {
			isa = XCRemoteSwiftPackageReference;
			repositoryURL = "https://github.com/google/GoogleSignIn-iOS";
			requirement = {
				kind = upToNextMajorVersion;
				minimumVersion = 7.0.0;
			};
		};
/* End XCRemoteSwiftPackageReference section */

/* Begin XCSwiftPackageProductDependency section */
		9D75E29A2A4B5D8700628060 /* FirebaseAuth */ = {
			isa = XCSwiftPackageProductDependency;
			package = 9D75E2992A4B5D8700628060 /* XCRemoteSwiftPackageReference "firebase-ios-sdk" */;
			productName = FirebaseAuth;
		};
		9D75E29D2A4C32D300628060 /* GoogleSignIn */ = {
			isa = XCSwiftPackageProductDependency;
			package = 9D75E29C2A4C32D300628060 /* XCRemoteSwiftPackageReference "GoogleSignIn-iOS" */;
			productName = GoogleSignIn;
		};
		9D75E29F2A4C32D300628060 /* GoogleSignInSwift */ = {
			isa = XCSwiftPackageProductDependency;
			package = 9D75E29C2A4C32D300628060 /* XCRemoteSwiftPackageReference "GoogleSignIn-iOS" */;
			productName = GoogleSignInSwift;
		};
/* End XCSwiftPackageProductDependency section */

/* Begin XCVersionGroup section */
		9D5881A62A541E60007B42A3 /* DataModel.xcdatamodeld */ = {
			isa = XCVersionGroup;
			children = (
				9D5881A72A541E60007B42A3 /* DataModel.xcdatamodel */,
			);
			currentVersion = 9D5881A72A541E60007B42A3 /* DataModel.xcdatamodel */;
			path = DataModel.xcdatamodeld;
			sourceTree = "<group>";
			versionGroupType = wrapper.xcdatamodel;
		};
/* End XCVersionGroup section */
	};
	rootObject = 9D6616652A406D3C00B43125 /* Project object */;
}
